// !$*UTF8*$!
{
	archiveVersion = 1;
	classes = {
	};
	objectVersion = 50;
	objects = {

/* Begin PBXBuildFile section */
		EBA4047B207DE59B00E9E1ED /* CollectionViewCell.m in Sources */ = {isa = PBXBuildFile; fileRef = EBA4047A207DE59B00E9E1ED /* CollectionViewCell.m */; };
		EBA4047D207DF73300E9E1ED /* show.gif in Resources */ = {isa = PBXBuildFile; fileRef = EBA4047C207DF73300E9E1ED /* show.gif */; };
		EBCC404120746044001DA272 /* AppDelegate.m in Sources */ = {isa = PBXBuildFile; fileRef = EBCC404020746044001DA272 /* AppDelegate.m */; };
		EBCC404420746044001DA272 /* ViewController.m in Sources */ = {isa = PBXBuildFile; fileRef = EBCC404320746044001DA272 /* ViewController.m */; };
		EBCC404720746044001DA272 /* Main.storyboard in Resources */ = {isa = PBXBuildFile; fileRef = EBCC404520746044001DA272 /* Main.storyboard */; };
		EBCC404920746045001DA272 /* Assets.xcassets in Resources */ = {isa = PBXBuildFile; fileRef = EBCC404820746045001DA272 /* Assets.xcassets */; };
		EBCC404C20746045001DA272 /* LaunchScreen.storyboard in Resources */ = {isa = PBXBuildFile; fileRef = EBCC404A20746045001DA272 /* LaunchScreen.storyboard */; };
		EBCC404F20746045001DA272 /* main.m in Sources */ = {isa = PBXBuildFile; fileRef = EBCC404E20746045001DA272 /* main.m */; };
		EBCC4098207469A4001DA272 /* 3.jpg in Resources */ = {isa = PBXBuildFile; fileRef = EBCC4097207469A4001DA272 /* 3.jpg */; };
		EBCC40A420746BC5001DA272 /* UIView+JuLayout.m in Sources */ = {isa = PBXBuildFile; fileRef = EBCC409C20746BC5001DA272 /* UIView+JuLayout.m */; };
		EBCC40A520746BC5001DA272 /* UIView+Frame.m in Sources */ = {isa = PBXBuildFile; fileRef = EBCC409D20746BC5001DA272 /* UIView+Frame.m */; };
		EBCC40A620746BC5001DA272 /* JuLayout.m in Sources */ = {isa = PBXBuildFile; fileRef = EBCC409E20746BC5001DA272 /* JuLayout.m */; };
		EBCC40A720746BC5001DA272 /* UIView+JuConstraint.m in Sources */ = {isa = PBXBuildFile; fileRef = EBCC409F20746BC5001DA272 /* UIView+JuConstraint.m */; };
		EBCC40A820746BC5001DA272 /* UIView+JuLayGroup.m in Sources */ = {isa = PBXBuildFile; fileRef = EBCC40A020746BC5001DA272 /* UIView+JuLayGroup.m */; };
		EBCC40AA2074784E001DA272 /* 1.jpg in Resources */ = {isa = PBXBuildFile; fileRef = EBCC40A92074784D001DA272 /* 1.jpg */; };
		EBCC40E72074D004001DA272 /* UIImage+WebP.m in Sources */ = {isa = PBXBuildFile; fileRef = EBCC40BF2074D004001DA272 /* UIImage+WebP.m */; };
		EBCC40E82074D004001DA272 /* MKAnnotationView+WebCache.m in Sources */ = {isa = PBXBuildFile; fileRef = EBCC40C02074D004001DA272 /* MKAnnotationView+WebCache.m */; };
		EBCC40E92074D004001DA272 /* SDWebImageManager.m in Sources */ = {isa = PBXBuildFile; fileRef = EBCC40C32074D004001DA272 /* SDWebImageManager.m */; };
		EBCC40EA2074D004001DA272 /* SDWebImageDecoder.m in Sources */ = {isa = PBXBuildFile; fileRef = EBCC40C42074D004001DA272 /* SDWebImageDecoder.m */; };
		EBCC40EB2074D004001DA272 /* UIImageView+HighlightedWebCache.m in Sources */ = {isa = PBXBuildFile; fileRef = EBCC40C62074D004001DA272 /* UIImageView+HighlightedWebCache.m */; };
		EBCC40EC2074D004001DA272 /* SDWebImageDownloader.m in Sources */ = {isa = PBXBuildFile; fileRef = EBCC40C82074D004001DA272 /* SDWebImageDownloader.m */; };
		EBCC40ED2074D004001DA272 /* UIImage+GIF.m in Sources */ = {isa = PBXBuildFile; fileRef = EBCC40C92074D004001DA272 /* UIImage+GIF.m */; };
		EBCC40EE2074D004001DA272 /* UIImage+MultiFormat.m in Sources */ = {isa = PBXBuildFile; fileRef = EBCC40CB2074D004001DA272 /* UIImage+MultiFormat.m */; };
		EBCC40EF2074D004001DA272 /* SDWebImageCompat.m in Sources */ = {isa = PBXBuildFile; fileRef = EBCC40CC2074D004001DA272 /* SDWebImageCompat.m */; };
		EBCC40F02074D004001DA272 /* SDWebImagePrefetcher.m in Sources */ = {isa = PBXBuildFile; fileRef = EBCC40CD2074D004001DA272 /* SDWebImagePrefetcher.m */; };
		EBCC40F12074D004001DA272 /* SDImageCache.m in Sources */ = {isa = PBXBuildFile; fileRef = EBCC40D12074D004001DA272 /* SDImageCache.m */; };
		EBCC40F22074D004001DA272 /* SDWebImageDownloaderOperation.m in Sources */ = {isa = PBXBuildFile; fileRef = EBCC40D32074D004001DA272 /* SDWebImageDownloaderOperation.m */; };
		EBCC40F32074D004001DA272 /* NSData+ImageContentType.m in Sources */ = {isa = PBXBuildFile; fileRef = EBCC40D62074D004001DA272 /* NSData+ImageContentType.m */; };
		EBCC40F42074D004001DA272 /* UIImageView+WebCache.m in Sources */ = {isa = PBXBuildFile; fileRef = EBCC40D72074D004001DA272 /* UIImageView+WebCache.m */; };
		EBCC40F52074D004001DA272 /* UIButton+ModCache.m in Sources */ = {isa = PBXBuildFile; fileRef = EBCC40DC2074D004001DA272 /* UIButton+ModCache.m */; };
		EBCC40F62074D004001DA272 /* UIImageView+ModCache.m in Sources */ = {isa = PBXBuildFile; fileRef = EBCC40DD2074D004001DA272 /* UIImageView+ModCache.m */; };
		EBCC40F72074D004001DA272 /* UIImage+Cropping.m in Sources */ = {isa = PBXBuildFile; fileRef = EBCC40DF2074D004001DA272 /* UIImage+Cropping.m */; };
		EBCC40F82074D004001DA272 /* UIView+WebCacheOperation.m in Sources */ = {isa = PBXBuildFile; fileRef = EBCC40E12074D004001DA272 /* UIView+WebCacheOperation.m */; };
		EBCC40F92074D004001DA272 /* UIButton+WebCache.m in Sources */ = {isa = PBXBuildFile; fileRef = EBCC40E52074D004001DA272 /* UIButton+WebCache.m */; };
		EBCC410A2074D043001DA272 /* JuImagesCollectView.m in Sources */ = {isa = PBXBuildFile; fileRef = EBCC40FB2074D043001DA272 /* JuImagesCollectView.m */; };
		EBCC410B2074D043001DA272 /* JuZoomScaleView.m in Sources */ = {isa = PBXBuildFile; fileRef = EBCC40FC2074D043001DA272 /* JuZoomScaleView.m */; };
		EBCC410C2074D043001DA272 /* JuImageObject.m in Sources */ = {isa = PBXBuildFile; fileRef = EBCC40FD2074D043001DA272 /* JuImageObject.m */; };
		EBCC410D2074D043001DA272 /* JuImagesCollectCell.m in Sources */ = {isa = PBXBuildFile; fileRef = EBCC40FE2074D043001DA272 /* JuImagesCollectCell.m */; };
		EBCC410E2074D043001DA272 /* JuLargeImageVC.m in Sources */ = {isa = PBXBuildFile; fileRef = EBCC41002074D043001DA272 /* JuLargeImageVC.m */; };
		EBCC410F2074D043001DA272 /* JuProgressView.m in Sources */ = {isa = PBXBuildFile; fileRef = EBCC41012074D043001DA272 /* JuProgressView.m */; };
		EBCC41102074D043001DA272 /* JuAlbumPreviewVC.m in Sources */ = {isa = PBXBuildFile; fileRef = EBCC41072074D043001DA272 /* JuAlbumPreviewVC.m */; };
		EBD19C4A2101CD2A00972AE7 /* JuFullWindow.m in Sources */ = {isa = PBXBuildFile; fileRef = EBD19C482101CD2A00972AE7 /* JuFullWindow.m */; };
		EBD19C4D2101D1EA00972AE7 /* JuNavigationVC.m in Sources */ = {isa = PBXBuildFile; fileRef = EBD19C4C2101D1EA00972AE7 /* JuNavigationVC.m */; };
		EBD884AD207B6E4B00B58B04 /* JuAnimated.m in Sources */ = {isa = PBXBuildFile; fileRef = EBD884AC207B6E4B00B58B04 /* JuAnimated.m */; };
/* End PBXBuildFile section */

/* Begin PBXFileReference section */
		EBA40479207DE59B00E9E1ED /* CollectionViewCell.h */ = {isa = PBXFileReference; lastKnownFileType = sourcecode.c.h; path = CollectionViewCell.h; sourceTree = "<group>"; };
		EBA4047A207DE59B00E9E1ED /* CollectionViewCell.m */ = {isa = PBXFileReference; lastKnownFileType = sourcecode.c.objc; path = CollectionViewCell.m; sourceTree = "<group>"; };
		EBA4047C207DF73300E9E1ED /* show.gif */ = {isa = PBXFileReference; lastKnownFileType = image.gif; path = show.gif; sourceTree = "<group>"; };
		EBCC403C20746044001DA272 /* JuImageZoomScale.app */ = {isa = PBXFileReference; explicitFileType = wrapper.application; includeInIndex = 0; path = JuImageZoomScale.app; sourceTree = BUILT_PRODUCTS_DIR; };
		EBCC403F20746044001DA272 /* AppDelegate.h */ = {isa = PBXFileReference; lastKnownFileType = sourcecode.c.h; path = AppDelegate.h; sourceTree = "<group>"; };
		EBCC404020746044001DA272 /* AppDelegate.m */ = {isa = PBXFileReference; lastKnownFileType = sourcecode.c.objc; path = AppDelegate.m; sourceTree = "<group>"; };
		EBCC404220746044001DA272 /* ViewController.h */ = {isa = PBXFileReference; lastKnownFileType = sourcecode.c.h; path = ViewController.h; sourceTree = "<group>"; };
		EBCC404320746044001DA272 /* ViewController.m */ = {isa = PBXFileReference; lastKnownFileType = sourcecode.c.objc; path = ViewController.m; sourceTree = "<group>"; };
		EBCC404620746044001DA272 /* Base */ = {isa = PBXFileReference; lastKnownFileType = file.storyboard; name = Base; path = Base.lproj/Main.storyboard; sourceTree = "<group>"; };
		EBCC404820746045001DA272 /* Assets.xcassets */ = {isa = PBXFileReference; lastKnownFileType = folder.assetcatalog; path = Assets.xcassets; sourceTree = "<group>"; };
		EBCC404B20746045001DA272 /* Base */ = {isa = PBXFileReference; lastKnownFileType = file.storyboard; name = Base; path = Base.lproj/LaunchScreen.storyboard; sourceTree = "<group>"; };
		EBCC404D20746045001DA272 /* Info.plist */ = {isa = PBXFileReference; lastKnownFileType = text.plist.xml; path = Info.plist; sourceTree = "<group>"; };
		EBCC404E20746045001DA272 /* main.m */ = {isa = PBXFileReference; lastKnownFileType = sourcecode.c.objc; path = main.m; sourceTree = "<group>"; };
		EBCC4097207469A4001DA272 /* 3.jpg */ = {isa = PBXFileReference; lastKnownFileType = image.jpeg; path = 3.jpg; sourceTree = "<group>"; };
		EBCC409A20746BC5001DA272 /* UIView+JuLayGroup.h */ = {isa = PBXFileReference; fileEncoding = 4; lastKnownFileType = sourcecode.c.h; path = "UIView+JuLayGroup.h"; sourceTree = "<group>"; };
		EBCC409B20746BC5001DA272 /* UIView+JuConstraint.h */ = {isa = PBXFileReference; fileEncoding = 4; lastKnownFileType = sourcecode.c.h; path = "UIView+JuConstraint.h"; sourceTree = "<group>"; };
		EBCC409C20746BC5001DA272 /* UIView+JuLayout.m */ = {isa = PBXFileReference; fileEncoding = 4; lastKnownFileType = sourcecode.c.objc; path = "UIView+JuLayout.m"; sourceTree = "<group>"; };
		EBCC409D20746BC5001DA272 /* UIView+Frame.m */ = {isa = PBXFileReference; fileEncoding = 4; lastKnownFileType = sourcecode.c.objc; path = "UIView+Frame.m"; sourceTree = "<group>"; };
		EBCC409E20746BC5001DA272 /* JuLayout.m */ = {isa = PBXFileReference; fileEncoding = 4; lastKnownFileType = sourcecode.c.objc; path = JuLayout.m; sourceTree = "<group>"; };
		EBCC409F20746BC5001DA272 /* UIView+JuConstraint.m */ = {isa = PBXFileReference; fileEncoding = 4; lastKnownFileType = sourcecode.c.objc; path = "UIView+JuConstraint.m"; sourceTree = "<group>"; };
		EBCC40A020746BC5001DA272 /* UIView+JuLayGroup.m */ = {isa = PBXFileReference; fileEncoding = 4; lastKnownFileType = sourcecode.c.objc; path = "UIView+JuLayGroup.m"; sourceTree = "<group>"; };
		EBCC40A120746BC5001DA272 /* UIView+JuLayout.h */ = {isa = PBXFileReference; fileEncoding = 4; lastKnownFileType = sourcecode.c.h; path = "UIView+JuLayout.h"; sourceTree = "<group>"; };
		EBCC40A220746BC5001DA272 /* JuLayout.h */ = {isa = PBXFileReference; fileEncoding = 4; lastKnownFileType = sourcecode.c.h; path = JuLayout.h; sourceTree = "<group>"; };
		EBCC40A320746BC5001DA272 /* UIView+Frame.h */ = {isa = PBXFileReference; fileEncoding = 4; lastKnownFileType = sourcecode.c.h; path = "UIView+Frame.h"; sourceTree = "<group>"; };
		EBCC40A92074784D001DA272 /* 1.jpg */ = {isa = PBXFileReference; lastKnownFileType = image.jpeg; path = 1.jpg; sourceTree = "<group>"; };
		EBCC40BF2074D004001DA272 /* UIImage+WebP.m */ = {isa = PBXFileReference; fileEncoding = 4; lastKnownFileType = sourcecode.c.objc; path = "UIImage+WebP.m"; sourceTree = "<group>"; };
		EBCC40C02074D004001DA272 /* MKAnnotationView+WebCache.m */ = {isa = PBXFileReference; fileEncoding = 4; lastKnownFileType = sourcecode.c.objc; path = "MKAnnotationView+WebCache.m"; sourceTree = "<group>"; };
		EBCC40C12074D004001DA272 /* UIImageView+WebCache.h */ = {isa = PBXFileReference; fileEncoding = 4; lastKnownFileType = sourcecode.c.h; path = "UIImageView+WebCache.h"; sourceTree = "<group>"; };
		EBCC40C22074D004001DA272 /* NSData+ImageContentType.h */ = {isa = PBXFileReference; fileEncoding = 4; lastKnownFileType = sourcecode.c.h; path = "NSData+ImageContentType.h"; sourceTree = "<group>"; };
		EBCC40C32074D004001DA272 /* SDWebImageManager.m */ = {isa = PBXFileReference; fileEncoding = 4; lastKnownFileType = sourcecode.c.objc; path = SDWebImageManager.m; sourceTree = "<group>"; };
		EBCC40C42074D004001DA272 /* SDWebImageDecoder.m */ = {isa = PBXFileReference; fileEncoding = 4; lastKnownFileType = sourcecode.c.objc; path = SDWebImageDecoder.m; sourceTree = "<group>"; };
		EBCC40C52074D004001DA272 /* SDWebImageDownloaderOperation.h */ = {isa = PBXFileReference; fileEncoding = 4; lastKnownFileType = sourcecode.c.h; path = SDWebImageDownloaderOperation.h; sourceTree = "<group>"; };
		EBCC40C62074D004001DA272 /* UIImageView+HighlightedWebCache.m */ = {isa = PBXFileReference; fileEncoding = 4; lastKnownFileType = sourcecode.c.objc; path = "UIImageView+HighlightedWebCache.m"; sourceTree = "<group>"; };
		EBCC40C72074D004001DA272 /* SDImageCache.h */ = {isa = PBXFileReference; fileEncoding = 4; lastKnownFileType = sourcecode.c.h; path = SDImageCache.h; sourceTree = "<group>"; };
		EBCC40C82074D004001DA272 /* SDWebImageDownloader.m */ = {isa = PBXFileReference; fileEncoding = 4; lastKnownFileType = sourcecode.c.objc; path = SDWebImageDownloader.m; sourceTree = "<group>"; };
		EBCC40C92074D004001DA272 /* UIImage+GIF.m */ = {isa = PBXFileReference; fileEncoding = 4; lastKnownFileType = sourcecode.c.objc; path = "UIImage+GIF.m"; sourceTree = "<group>"; };
		EBCC40CA2074D004001DA272 /* UIButton+WebCache.h */ = {isa = PBXFileReference; fileEncoding = 4; lastKnownFileType = sourcecode.c.h; path = "UIButton+WebCache.h"; sourceTree = "<group>"; };
		EBCC40CB2074D004001DA272 /* UIImage+MultiFormat.m */ = {isa = PBXFileReference; fileEncoding = 4; lastKnownFileType = sourcecode.c.objc; path = "UIImage+MultiFormat.m"; sourceTree = "<group>"; };
		EBCC40CC2074D004001DA272 /* SDWebImageCompat.m */ = {isa = PBXFileReference; fileEncoding = 4; lastKnownFileType = sourcecode.c.objc; path = SDWebImageCompat.m; sourceTree = "<group>"; };
		EBCC40CD2074D004001DA272 /* SDWebImagePrefetcher.m */ = {isa = PBXFileReference; fileEncoding = 4; lastKnownFileType = sourcecode.c.objc; path = SDWebImagePrefetcher.m; sourceTree = "<group>"; };
		EBCC40CE2074D004001DA272 /* UIView+WebCacheOperation.h */ = {isa = PBXFileReference; fileEncoding = 4; lastKnownFileType = sourcecode.c.h; path = "UIView+WebCacheOperation.h"; sourceTree = "<group>"; };
		EBCC40CF2074D004001DA272 /* MKAnnotationView+WebCache.h */ = {isa = PBXFileReference; fileEncoding = 4; lastKnownFileType = sourcecode.c.h; path = "MKAnnotationView+WebCache.h"; sourceTree = "<group>"; };
		EBCC40D02074D004001DA272 /* UIImage+WebP.h */ = {isa = PBXFileReference; fileEncoding = 4; lastKnownFileType = sourcecode.c.h; path = "UIImage+WebP.h"; sourceTree = "<group>"; };
		EBCC40D12074D004001DA272 /* SDImageCache.m */ = {isa = PBXFileReference; fileEncoding = 4; lastKnownFileType = sourcecode.c.objc; path = SDImageCache.m; sourceTree = "<group>"; };
		EBCC40D22074D004001DA272 /* UIImageView+HighlightedWebCache.h */ = {isa = PBXFileReference; fileEncoding = 4; lastKnownFileType = sourcecode.c.h; path = "UIImageView+HighlightedWebCache.h"; sourceTree = "<group>"; };
		EBCC40D32074D004001DA272 /* SDWebImageDownloaderOperation.m */ = {isa = PBXFileReference; fileEncoding = 4; lastKnownFileType = sourcecode.c.objc; path = SDWebImageDownloaderOperation.m; sourceTree = "<group>"; };
		EBCC40D42074D004001DA272 /* SDWebImageDecoder.h */ = {isa = PBXFileReference; fileEncoding = 4; lastKnownFileType = sourcecode.c.h; path = SDWebImageDecoder.h; sourceTree = "<group>"; };
		EBCC40D52074D004001DA272 /* SDWebImageManager.h */ = {isa = PBXFileReference; fileEncoding = 4; lastKnownFileType = sourcecode.c.h; path = SDWebImageManager.h; sourceTree = "<group>"; };
		EBCC40D62074D004001DA272 /* NSData+ImageContentType.m */ = {isa = PBXFileReference; fileEncoding = 4; lastKnownFileType = sourcecode.c.objc; path = "NSData+ImageContentType.m"; sourceTree = "<group>"; };
		EBCC40D72074D004001DA272 /* UIImageView+WebCache.m */ = {isa = PBXFileReference; fileEncoding = 4; lastKnownFileType = sourcecode.c.objc; path = "UIImageView+WebCache.m"; sourceTree = "<group>"; };
		EBCC40D82074D004001DA272 /* SDWebImageOperation.h */ = {isa = PBXFileReference; fileEncoding = 4; lastKnownFileType = sourcecode.c.h; path = SDWebImageOperation.h; sourceTree = "<group>"; };
		EBCC40D92074D004001DA272 /* SDWebImageDownloader.h */ = {isa = PBXFileReference; fileEncoding = 4; lastKnownFileType = sourcecode.c.h; path = SDWebImageDownloader.h; sourceTree = "<group>"; };
		EBCC40DB2074D004001DA272 /* UIImage+Cropping.h */ = {isa = PBXFileReference; fileEncoding = 4; lastKnownFileType = sourcecode.c.h; path = "UIImage+Cropping.h"; sourceTree = "<group>"; };
		EBCC40DC2074D004001DA272 /* UIButton+ModCache.m */ = {isa = PBXFileReference; fileEncoding = 4; lastKnownFileType = sourcecode.c.objc; path = "UIButton+ModCache.m"; sourceTree = "<group>"; };
		EBCC40DD2074D004001DA272 /* UIImageView+ModCache.m */ = {isa = PBXFileReference; fileEncoding = 4; lastKnownFileType = sourcecode.c.objc; path = "UIImageView+ModCache.m"; sourceTree = "<group>"; };
		EBCC40DE2074D004001DA272 /* UIButton+ModCache.h */ = {isa = PBXFileReference; fileEncoding = 4; lastKnownFileType = sourcecode.c.h; path = "UIButton+ModCache.h"; sourceTree = "<group>"; };
		EBCC40DF2074D004001DA272 /* UIImage+Cropping.m */ = {isa = PBXFileReference; fileEncoding = 4; lastKnownFileType = sourcecode.c.objc; path = "UIImage+Cropping.m"; sourceTree = "<group>"; };
		EBCC40E02074D004001DA272 /* UIImageView+ModCache.h */ = {isa = PBXFileReference; fileEncoding = 4; lastKnownFileType = sourcecode.c.h; path = "UIImageView+ModCache.h"; sourceTree = "<group>"; };
		EBCC40E12074D004001DA272 /* UIView+WebCacheOperation.m */ = {isa = PBXFileReference; fileEncoding = 4; lastKnownFileType = sourcecode.c.objc; path = "UIView+WebCacheOperation.m"; sourceTree = "<group>"; };
		EBCC40E22074D004001DA272 /* SDWebImagePrefetcher.h */ = {isa = PBXFileReference; fileEncoding = 4; lastKnownFileType = sourcecode.c.h; path = SDWebImagePrefetcher.h; sourceTree = "<group>"; };
		EBCC40E32074D004001DA272 /* SDWebImageCompat.h */ = {isa = PBXFileReference; fileEncoding = 4; lastKnownFileType = sourcecode.c.h; path = SDWebImageCompat.h; sourceTree = "<group>"; };
		EBCC40E42074D004001DA272 /* UIImage+MultiFormat.h */ = {isa = PBXFileReference; fileEncoding = 4; lastKnownFileType = sourcecode.c.h; path = "UIImage+MultiFormat.h"; sourceTree = "<group>"; };
		EBCC40E52074D004001DA272 /* UIButton+WebCache.m */ = {isa = PBXFileReference; fileEncoding = 4; lastKnownFileType = sourcecode.c.objc; path = "UIButton+WebCache.m"; sourceTree = "<group>"; };
		EBCC40E62074D004001DA272 /* UIImage+GIF.h */ = {isa = PBXFileReference; fileEncoding = 4; lastKnownFileType = sourcecode.c.h; path = "UIImage+GIF.h"; sourceTree = "<group>"; };
		EBCC40FB2074D043001DA272 /* JuImagesCollectView.m */ = {isa = PBXFileReference; fileEncoding = 4; lastKnownFileType = sourcecode.c.objc; path = JuImagesCollectView.m; sourceTree = "<group>"; };
		EBCC40FC2074D043001DA272 /* JuZoomScaleView.m */ = {isa = PBXFileReference; fileEncoding = 4; lastKnownFileType = sourcecode.c.objc; path = JuZoomScaleView.m; sourceTree = "<group>"; };
		EBCC40FD2074D043001DA272 /* JuImageObject.m */ = {isa = PBXFileReference; fileEncoding = 4; lastKnownFileType = sourcecode.c.objc; path = JuImageObject.m; sourceTree = "<group>"; };
		EBCC40FE2074D043001DA272 /* JuImagesCollectCell.m */ = {isa = PBXFileReference; fileEncoding = 4; lastKnownFileType = sourcecode.c.objc; path = JuImagesCollectCell.m; sourceTree = "<group>"; };
		EBCC40FF2074D043001DA272 /* JuAlbumPreviewVC.h */ = {isa = PBXFileReference; fileEncoding = 4; lastKnownFileType = sourcecode.c.h; path = JuAlbumPreviewVC.h; sourceTree = "<group>"; };
		EBCC41002074D043001DA272 /* JuLargeImageVC.m */ = {isa = PBXFileReference; fileEncoding = 4; lastKnownFileType = sourcecode.c.objc; path = JuLargeImageVC.m; sourceTree = "<group>"; };
		EBCC41012074D043001DA272 /* JuProgressView.m */ = {isa = PBXFileReference; fileEncoding = 4; lastKnownFileType = sourcecode.c.objc; path = JuProgressView.m; sourceTree = "<group>"; };
		EBCC41022074D043001DA272 /* JuDefine.h */ = {isa = PBXFileReference; fileEncoding = 4; lastKnownFileType = sourcecode.c.h; path = JuDefine.h; sourceTree = "<group>"; };
		EBCC41032074D043001DA272 /* JuZoomScaleView.h */ = {isa = PBXFileReference; fileEncoding = 4; lastKnownFileType = sourcecode.c.h; path = JuZoomScaleView.h; sourceTree = "<group>"; };
		EBCC41042074D043001DA272 /* JuImagesCollectView.h */ = {isa = PBXFileReference; fileEncoding = 4; lastKnownFileType = sourcecode.c.h; path = JuImagesCollectView.h; sourceTree = "<group>"; };
		EBCC41052074D043001DA272 /* JuLargeImageVC.h */ = {isa = PBXFileReference; fileEncoding = 4; lastKnownFileType = sourcecode.c.h; path = JuLargeImageVC.h; sourceTree = "<group>"; };
		EBCC41062074D043001DA272 /* JuProgressView.h */ = {isa = PBXFileReference; fileEncoding = 4; lastKnownFileType = sourcecode.c.h; path = JuProgressView.h; sourceTree = "<group>"; };
		EBCC41072074D043001DA272 /* JuAlbumPreviewVC.m */ = {isa = PBXFileReference; fileEncoding = 4; lastKnownFileType = sourcecode.c.objc; path = JuAlbumPreviewVC.m; sourceTree = "<group>"; };
		EBCC41082074D043001DA272 /* JuImagesCollectCell.h */ = {isa = PBXFileReference; fileEncoding = 4; lastKnownFileType = sourcecode.c.h; path = JuImagesCollectCell.h; sourceTree = "<group>"; };
		EBCC41092074D043001DA272 /* JuImageObject.h */ = {isa = PBXFileReference; fileEncoding = 4; lastKnownFileType = sourcecode.c.h; path = JuImageObject.h; sourceTree = "<group>"; };
		EBD19C482101CD2A00972AE7 /* JuFullWindow.m */ = {isa = PBXFileReference; fileEncoding = 4; lastKnownFileType = sourcecode.c.objc; path = JuFullWindow.m; sourceTree = "<group>"; };
		EBD19C492101CD2A00972AE7 /* JuFullWindow.h */ = {isa = PBXFileReference; fileEncoding = 4; lastKnownFileType = sourcecode.c.h; path = JuFullWindow.h; sourceTree = "<group>"; };
		EBD19C4B2101D1EA00972AE7 /* JuNavigationVC.h */ = {isa = PBXFileReference; lastKnownFileType = sourcecode.c.h; path = JuNavigationVC.h; sourceTree = "<group>"; };
		EBD19C4C2101D1EA00972AE7 /* JuNavigationVC.m */ = {isa = PBXFileReference; lastKnownFileType = sourcecode.c.objc; path = JuNavigationVC.m; sourceTree = "<group>"; };
		EBD884AB207B6E4B00B58B04 /* JuAnimated.h */ = {isa = PBXFileReference; fileEncoding = 4; lastKnownFileType = sourcecode.c.h; path = JuAnimated.h; sourceTree = "<group>"; };
		EBD884AC207B6E4B00B58B04 /* JuAnimated.m */ = {isa = PBXFileReference; fileEncoding = 4; lastKnownFileType = sourcecode.c.objc; path = JuAnimated.m; sourceTree = "<group>"; };
/* End PBXFileReference section */

/* Begin PBXFrameworksBuildPhase section */
		EBCC403920746044001DA272 /* Frameworks */ = {
			isa = PBXFrameworksBuildPhase;
			buildActionMask = 2147483647;
			files = (
			);
			runOnlyForDeploymentPostprocessing = 0;
		};
/* End PBXFrameworksBuildPhase section */

/* Begin PBXGroup section */
		EBCC403320746044001DA272 = {
			isa = PBXGroup;
			children = (
				EBCC403E20746044001DA272 /* JuImageZoomScale */,
				EBCC403D20746044001DA272 /* Products */,
			);
			sourceTree = "<group>";
		};
		EBCC403D20746044001DA272 /* Products */ = {
			isa = PBXGroup;
			children = (
				EBCC403C20746044001DA272 /* JuImageZoomScale.app */,
			);
			name = Products;
			sourceTree = "<group>";
		};
		EBCC403E20746044001DA272 /* JuImageZoomScale */ = {
			isa = PBXGroup;
			children = (
				EBCC40BE2074D004001DA272 /* SDWebImage */,
				EBCC409920746BC5001DA272 /* Layout */,
				EBCC40FA2074D043001DA272 /* ZoomImage */,
				EBCC403F20746044001DA272 /* AppDelegate.h */,
				EBCC404020746044001DA272 /* AppDelegate.m */,
				EBCC404220746044001DA272 /* ViewController.h */,
				EBCC404320746044001DA272 /* ViewController.m */,
				EBD19C4B2101D1EA00972AE7 /* JuNavigationVC.h */,
				EBD19C4C2101D1EA00972AE7 /* JuNavigationVC.m */,
				EBA40479207DE59B00E9E1ED /* CollectionViewCell.h */,
				EBA4047A207DE59B00E9E1ED /* CollectionViewCell.m */,
				EBCC4097207469A4001DA272 /* 3.jpg */,
				EBCC40A92074784D001DA272 /* 1.jpg */,
				EBA4047C207DF73300E9E1ED /* show.gif */,
				EBCC404520746044001DA272 /* Main.storyboard */,
				EBCC404820746045001DA272 /* Assets.xcassets */,
				EBCC404A20746045001DA272 /* LaunchScreen.storyboard */,
				EBCC404D20746045001DA272 /* Info.plist */,
				EBCC404E20746045001DA272 /* main.m */,
			);
			path = JuImageZoomScale;
			sourceTree = "<group>";
		};
		EBCC409920746BC5001DA272 /* Layout */ = {
			isa = PBXGroup;
			children = (
				EBCC40A220746BC5001DA272 /* JuLayout.h */,
				EBCC409E20746BC5001DA272 /* JuLayout.m */,
				EBCC40A320746BC5001DA272 /* UIView+Frame.h */,
				EBCC409D20746BC5001DA272 /* UIView+Frame.m */,
				EBCC409B20746BC5001DA272 /* UIView+JuConstraint.h */,
				EBCC409F20746BC5001DA272 /* UIView+JuConstraint.m */,
				EBCC409A20746BC5001DA272 /* UIView+JuLayGroup.h */,
				EBCC40A020746BC5001DA272 /* UIView+JuLayGroup.m */,
				EBCC40A120746BC5001DA272 /* UIView+JuLayout.h */,
				EBCC409C20746BC5001DA272 /* UIView+JuLayout.m */,
			);
			path = Layout;
			sourceTree = "<group>";
		};
		EBCC40BE2074D004001DA272 /* SDWebImage */ = {
			isa = PBXGroup;
			children = (
				EBCC40BF2074D004001DA272 /* UIImage+WebP.m */,
				EBCC40C02074D004001DA272 /* MKAnnotationView+WebCache.m */,
				EBCC40C12074D004001DA272 /* UIImageView+WebCache.h */,
				EBCC40C22074D004001DA272 /* NSData+ImageContentType.h */,
				EBCC40C32074D004001DA272 /* SDWebImageManager.m */,
				EBCC40C42074D004001DA272 /* SDWebImageDecoder.m */,
				EBCC40C52074D004001DA272 /* SDWebImageDownloaderOperation.h */,
				EBCC40C62074D004001DA272 /* UIImageView+HighlightedWebCache.m */,
				EBCC40C72074D004001DA272 /* SDImageCache.h */,
				EBCC40C82074D004001DA272 /* SDWebImageDownloader.m */,
				EBCC40C92074D004001DA272 /* UIImage+GIF.m */,
				EBCC40CA2074D004001DA272 /* UIButton+WebCache.h */,
				EBCC40CB2074D004001DA272 /* UIImage+MultiFormat.m */,
				EBCC40CC2074D004001DA272 /* SDWebImageCompat.m */,
				EBCC40CD2074D004001DA272 /* SDWebImagePrefetcher.m */,
				EBCC40CE2074D004001DA272 /* UIView+WebCacheOperation.h */,
				EBCC40CF2074D004001DA272 /* MKAnnotationView+WebCache.h */,
				EBCC40D02074D004001DA272 /* UIImage+WebP.h */,
				EBCC40D12074D004001DA272 /* SDImageCache.m */,
				EBCC40D22074D004001DA272 /* UIImageView+HighlightedWebCache.h */,
				EBCC40D32074D004001DA272 /* SDWebImageDownloaderOperation.m */,
				EBCC40D42074D004001DA272 /* SDWebImageDecoder.h */,
				EBCC40D52074D004001DA272 /* SDWebImageManager.h */,
				EBCC40D62074D004001DA272 /* NSData+ImageContentType.m */,
				EBCC40D72074D004001DA272 /* UIImageView+WebCache.m */,
				EBCC40D82074D004001DA272 /* SDWebImageOperation.h */,
				EBCC40D92074D004001DA272 /* SDWebImageDownloader.h */,
				EBCC40DA2074D004001DA272 /* custom */,
				EBCC40E12074D004001DA272 /* UIView+WebCacheOperation.m */,
				EBCC40E22074D004001DA272 /* SDWebImagePrefetcher.h */,
				EBCC40E32074D004001DA272 /* SDWebImageCompat.h */,
				EBCC40E42074D004001DA272 /* UIImage+MultiFormat.h */,
				EBCC40E52074D004001DA272 /* UIButton+WebCache.m */,
				EBCC40E62074D004001DA272 /* UIImage+GIF.h */,
			);
			path = SDWebImage;
			sourceTree = "<group>";
		};
		EBCC40DA2074D004001DA272 /* custom */ = {
			isa = PBXGroup;
			children = (
				EBCC40DB2074D004001DA272 /* UIImage+Cropping.h */,
				EBCC40DC2074D004001DA272 /* UIButton+ModCache.m */,
				EBCC40DD2074D004001DA272 /* UIImageView+ModCache.m */,
				EBCC40DE2074D004001DA272 /* UIButton+ModCache.h */,
				EBCC40DF2074D004001DA272 /* UIImage+Cropping.m */,
				EBCC40E02074D004001DA272 /* UIImageView+ModCache.h */,
			);
			path = custom;
			sourceTree = "<group>";
		};
		EBCC40FA2074D043001DA272 /* ZoomImage */ = {
			isa = PBXGroup;
			children = (
				EBCC41022074D043001DA272 /* JuDefine.h */,
				EBCC41062074D043001DA272 /* JuProgressView.h */,
				EBCC41012074D043001DA272 /* JuProgressView.m */,
				EBCC41032074D043001DA272 /* JuZoomScaleView.h */,
				EBCC40FC2074D043001DA272 /* JuZoomScaleView.m */,
				EBCC41042074D043001DA272 /* JuImagesCollectView.h */,
				EBCC40FB2074D043001DA272 /* JuImagesCollectView.m */,
				EBCC41082074D043001DA272 /* JuImagesCollectCell.h */,
				EBCC40FE2074D043001DA272 /* JuImagesCollectCell.m */,
				EBCC41092074D043001DA272 /* JuImageObject.h */,
				EBCC40FD2074D043001DA272 /* JuImageObject.m */,
				EBCC41052074D043001DA272 /* JuLargeImageVC.h */,
				EBCC41002074D043001DA272 /* JuLargeImageVC.m */,
				EBCC40FF2074D043001DA272 /* JuAlbumPreviewVC.h */,
				EBCC41072074D043001DA272 /* JuAlbumPreviewVC.m */,
				EBD19C492101CD2A00972AE7 /* JuFullWindow.h */,
				EBD19C482101CD2A00972AE7 /* JuFullWindow.m */,
				EBD884AB207B6E4B00B58B04 /* JuAnimated.h */,
				EBD884AC207B6E4B00B58B04 /* JuAnimated.m */,
			);
			path = ZoomImage;
			sourceTree = "<group>";
		};
/* End PBXGroup section */

/* Begin PBXNativeTarget section */
		EBCC403B20746044001DA272 /* JuImageZoomScale */ = {
			isa = PBXNativeTarget;
			buildConfigurationList = EBCC405220746045001DA272 /* Build configuration list for PBXNativeTarget "JuImageZoomScale" */;
			buildPhases = (
				EBCC403820746044001DA272 /* Sources */,
				EBCC403920746044001DA272 /* Frameworks */,
				EBCC403A20746044001DA272 /* Resources */,
			);
			buildRules = (
			);
			dependencies = (
			);
			name = JuImageZoomScale;
			productName = JuImageZoomScale;
			productReference = EBCC403C20746044001DA272 /* JuImageZoomScale.app */;
			productType = "com.apple.product-type.application";
		};
/* End PBXNativeTarget section */

/* Begin PBXProject section */
		EBCC403420746044001DA272 /* Project object */ = {
			isa = PBXProject;
			attributes = {
				LastUpgradeCheck = 0930;
				ORGANIZATIONNAME = Juvid;
				TargetAttributes = {
					EBCC403B20746044001DA272 = {
						CreatedOnToolsVersion = 9.3;
					};
				};
			};
			buildConfigurationList = EBCC403720746044001DA272 /* Build configuration list for PBXProject "JuImageZoomScale" */;
			compatibilityVersion = "Xcode 9.3";
			developmentRegion = en;
			hasScannedForEncodings = 0;
			knownRegions = (
				en,
				Base,
			);
			mainGroup = EBCC403320746044001DA272;
			productRefGroup = EBCC403D20746044001DA272 /* Products */;
			projectDirPath = "";
			projectRoot = "";
			targets = (
				EBCC403B20746044001DA272 /* JuImageZoomScale */,
			);
		};
/* End PBXProject section */

/* Begin PBXResourcesBuildPhase section */
		EBCC403A20746044001DA272 /* Resources */ = {
			isa = PBXResourcesBuildPhase;
			buildActionMask = 2147483647;
			files = (
				EBA4047D207DF73300E9E1ED /* show.gif in Resources */,
				EBCC404C20746045001DA272 /* LaunchScreen.storyboard in Resources */,
				EBCC404920746045001DA272 /* Assets.xcassets in Resources */,
				EBCC404720746044001DA272 /* Main.storyboard in Resources */,
				EBCC4098207469A4001DA272 /* 3.jpg in Resources */,
				EBCC40AA2074784E001DA272 /* 1.jpg in Resources */,
			);
			runOnlyForDeploymentPostprocessing = 0;
		};
/* End PBXResourcesBuildPhase section */

/* Begin PBXSourcesBuildPhase section */
		EBCC403820746044001DA272 /* Sources */ = {
			isa = PBXSourcesBuildPhase;
			buildActionMask = 2147483647;
			files = (
				EBD884AD207B6E4B00B58B04 /* JuAnimated.m in Sources */,
				EBCC40ED2074D004001DA272 /* UIImage+GIF.m in Sources */,
				EBCC40F92074D004001DA272 /* UIButton+WebCache.m in Sources */,
				EBD19C4D2101D1EA00972AE7 /* JuNavigationVC.m in Sources */,
				EBCC40EF2074D004001DA272 /* SDWebImageCompat.m in Sources */,
				EBCC40A720746BC5001DA272 /* UIView+JuConstraint.m in Sources */,
				EBCC404420746044001DA272 /* ViewController.m in Sources */,
				EBD19C4A2101CD2A00972AE7 /* JuFullWindow.m in Sources */,
				EBCC410C2074D043001DA272 /* JuImageObject.m in Sources */,
				EBCC40F82074D004001DA272 /* UIView+WebCacheOperation.m in Sources */,
				EBCC40A820746BC5001DA272 /* UIView+JuLayGroup.m in Sources */,
				EBCC41102074D043001DA272 /* JuAlbumPreviewVC.m in Sources */,
				EBCC40E92074D004001DA272 /* SDWebImageManager.m in Sources */,
				EBCC40E72074D004001DA272 /* UIImage+WebP.m in Sources */,
				EBCC40A620746BC5001DA272 /* JuLayout.m in Sources */,
				EBCC404F20746045001DA272 /* main.m in Sources */,
				EBCC404120746044001DA272 /* AppDelegate.m in Sources */,
				EBCC40A520746BC5001DA272 /* UIView+Frame.m in Sources */,
				EBCC410F2074D043001DA272 /* JuProgressView.m in Sources */,
				EBCC40EE2074D004001DA272 /* UIImage+MultiFormat.m in Sources */,
				EBCC410B2074D043001DA272 /* JuZoomScaleView.m in Sources */,
				EBCC40F22074D004001DA272 /* SDWebImageDownloaderOperation.m in Sources */,
				EBCC410E2074D043001DA272 /* JuLargeImageVC.m in Sources */,
				EBCC40EA2074D004001DA272 /* SDWebImageDecoder.m in Sources */,
				EBCC40F02074D004001DA272 /* SDWebImagePrefetcher.m in Sources */,
				EBCC410D2074D043001DA272 /* JuImagesCollectCell.m in Sources */,
				EBCC40F32074D004001DA272 /* NSData+ImageContentType.m in Sources */,
				EBCC40F52074D004001DA272 /* UIButton+ModCache.m in Sources */,
				EBCC40F62074D004001DA272 /* UIImageView+ModCache.m in Sources */,
				EBCC40E82074D004001DA272 /* MKAnnotationView+WebCache.m in Sources */,
				EBCC40A420746BC5001DA272 /* UIView+JuLayout.m in Sources */,
				EBCC410A2074D043001DA272 /* JuImagesCollectView.m in Sources */,
				EBA4047B207DE59B00E9E1ED /* CollectionViewCell.m in Sources */,
				EBCC40EB2074D004001DA272 /* UIImageView+HighlightedWebCache.m in Sources */,
				EBCC40F72074D004001DA272 /* UIImage+Cropping.m in Sources */,
				EBCC40F12074D004001DA272 /* SDImageCache.m in Sources */,
				EBCC40F42074D004001DA272 /* UIImageView+WebCache.m in Sources */,
				EBCC40EC2074D004001DA272 /* SDWebImageDownloader.m in Sources */,
			);
			runOnlyForDeploymentPostprocessing = 0;
		};
/* End PBXSourcesBuildPhase section */

/* Begin PBXVariantGroup section */
		EBCC404520746044001DA272 /* Main.storyboard */ = {
			isa = PBXVariantGroup;
			children = (
				EBCC404620746044001DA272 /* Base */,
			);
			name = Main.storyboard;
			sourceTree = "<group>";
		};
		EBCC404A20746045001DA272 /* LaunchScreen.storyboard */ = {
			isa = PBXVariantGroup;
			children = (
				EBCC404B20746045001DA272 /* Base */,
			);
			name = LaunchScreen.storyboard;
			sourceTree = "<group>";
		};
/* End PBXVariantGroup section */

/* Begin XCBuildConfiguration section */
		EBCC405020746045001DA272 /* Debug */ = {
			isa = XCBuildConfiguration;
			buildSettings = {
				ALWAYS_SEARCH_USER_PATHS = NO;
				CLANG_ANALYZER_NONNULL = YES;
				CLANG_ANALYZER_NUMBER_OBJECT_CONVERSION = YES_AGGRESSIVE;
				CLANG_CXX_LANGUAGE_STANDARD = "gnu++14";
				CLANG_CXX_LIBRARY = "libc++";
				CLANG_ENABLE_MODULES = YES;
				CLANG_ENABLE_OBJC_ARC = YES;
				CLANG_ENABLE_OBJC_WEAK = YES;
				CLANG_WARN_BLOCK_CAPTURE_AUTORELEASING = YES;
				CLANG_WARN_BOOL_CONVERSION = YES;
				CLANG_WARN_COMMA = YES;
				CLANG_WARN_CONSTANT_CONVERSION = YES;
				CLANG_WARN_DEPRECATED_OBJC_IMPLEMENTATIONS = YES;
				CLANG_WARN_DIRECT_OBJC_ISA_USAGE = YES_ERROR;
				CLANG_WARN_DOCUMENTATION_COMMENTS = YES;
				CLANG_WARN_EMPTY_BODY = YES;
				CLANG_WARN_ENUM_CONVERSION = YES;
				CLANG_WARN_INFINITE_RECURSION = YES;
				CLANG_WARN_INT_CONVERSION = YES;
				CLANG_WARN_NON_LITERAL_NULL_CONVERSION = YES;
				CLANG_WARN_OBJC_IMPLICIT_RETAIN_SELF = YES;
				CLANG_WARN_OBJC_LITERAL_CONVERSION = YES;
				CLANG_WARN_OBJC_ROOT_CLASS = YES_ERROR;
				CLANG_WARN_RANGE_LOOP_ANALYSIS = YES;
				CLANG_WARN_STRICT_PROTOTYPES = YES;
				CLANG_WARN_SUSPICIOUS_MOVE = YES;
				CLANG_WARN_UNGUARDED_AVAILABILITY = YES_AGGRESSIVE;
				CLANG_WARN_UNREACHABLE_CODE = YES;
				CLANG_WARN__DUPLICATE_METHOD_MATCH = YES;
				CODE_SIGN_IDENTITY = "iPhone Developer";
				COPY_PHASE_STRIP = NO;
				DEBUG_INFORMATION_FORMAT = dwarf;
				ENABLE_STRICT_OBJC_MSGSEND = YES;
				ENABLE_TESTABILITY = YES;
				GCC_C_LANGUAGE_STANDARD = gnu11;
				GCC_DYNAMIC_NO_PIC = NO;
				GCC_NO_COMMON_BLOCKS = YES;
				GCC_OPTIMIZATION_LEVEL = 0;
				GCC_PREPROCESSOR_DEFINITIONS = (
					"DEBUG=1",
					"$(inherited)",
				);
				GCC_WARN_64_TO_32_BIT_CONVERSION = YES;
				GCC_WARN_ABOUT_RETURN_TYPE = YES_ERROR;
				GCC_WARN_UNDECLARED_SELECTOR = YES;
				GCC_WARN_UNINITIALIZED_AUTOS = YES_AGGRESSIVE;
				GCC_WARN_UNUSED_FUNCTION = YES;
				GCC_WARN_UNUSED_VARIABLE = YES;
				IPHONEOS_DEPLOYMENT_TARGET = 11.3;
				MTL_ENABLE_DEBUG_INFO = YES;
				ONLY_ACTIVE_ARCH = YES;
				SDKROOT = iphoneos;
			};
			name = Debug;
		};
		EBCC405120746045001DA272 /* Release */ = {
			isa = XCBuildConfiguration;
			buildSettings = {
				ALWAYS_SEARCH_USER_PATHS = NO;
				CLANG_ANALYZER_NONNULL = YES;
				CLANG_ANALYZER_NUMBER_OBJECT_CONVERSION = YES_AGGRESSIVE;
				CLANG_CXX_LANGUAGE_STANDARD = "gnu++14";
				CLANG_CXX_LIBRARY = "libc++";
				CLANG_ENABLE_MODULES = YES;
				CLANG_ENABLE_OBJC_ARC = YES;
				CLANG_ENABLE_OBJC_WEAK = YES;
				CLANG_WARN_BLOCK_CAPTURE_AUTORELEASING = YES;
				CLANG_WARN_BOOL_CONVERSION = YES;
				CLANG_WARN_COMMA = YES;
				CLANG_WARN_CONSTANT_CONVERSION = YES;
				CLANG_WARN_DEPRECATED_OBJC_IMPLEMENTATIONS = YES;
				CLANG_WARN_DIRECT_OBJC_ISA_USAGE = YES_ERROR;
				CLANG_WARN_DOCUMENTATION_COMMENTS = YES;
				CLANG_WARN_EMPTY_BODY = YES;
				CLANG_WARN_ENUM_CONVERSION = YES;
				CLANG_WARN_INFINITE_RECURSION = YES;
				CLANG_WARN_INT_CONVERSION = YES;
				CLANG_WARN_NON_LITERAL_NULL_CONVERSION = YES;
				CLANG_WARN_OBJC_IMPLICIT_RETAIN_SELF = YES;
				CLANG_WARN_OBJC_LITERAL_CONVERSION = YES;
				CLANG_WARN_OBJC_ROOT_CLASS = YES_ERROR;
				CLANG_WARN_RANGE_LOOP_ANALYSIS = YES;
				CLANG_WARN_STRICT_PROTOTYPES = YES;
				CLANG_WARN_SUSPICIOUS_MOVE = YES;
				CLANG_WARN_UNGUARDED_AVAILABILITY = YES_AGGRESSIVE;
				CLANG_WARN_UNREACHABLE_CODE = YES;
				CLANG_WARN__DUPLICATE_METHOD_MATCH = YES;
				CODE_SIGN_IDENTITY = "iPhone Developer";
				COPY_PHASE_STRIP = NO;
				DEBUG_INFORMATION_FORMAT = "dwarf-with-dsym";
				ENABLE_NS_ASSERTIONS = NO;
				ENABLE_STRICT_OBJC_MSGSEND = YES;
				GCC_C_LANGUAGE_STANDARD = gnu11;
				GCC_NO_COMMON_BLOCKS = YES;
				GCC_WARN_64_TO_32_BIT_CONVERSION = YES;
				GCC_WARN_ABOUT_RETURN_TYPE = YES_ERROR;
				GCC_WARN_UNDECLARED_SELECTOR = YES;
				GCC_WARN_UNINITIALIZED_AUTOS = YES_AGGRESSIVE;
				GCC_WARN_UNUSED_FUNCTION = YES;
				GCC_WARN_UNUSED_VARIABLE = YES;
				IPHONEOS_DEPLOYMENT_TARGET = 11.3;
				MTL_ENABLE_DEBUG_INFO = NO;
				SDKROOT = iphoneos;
				VALIDATE_PRODUCT = YES;
			};
			name = Release;
		};
		EBCC405320746045001DA272 /* Debug */ = {
			isa = XCBuildConfiguration;
			buildSettings = {
				ASSETCATALOG_COMPILER_APPICON_NAME = AppIcon;
				CODE_SIGN_STYLE = Automatic;
				DEVELOPMENT_TEAM = 3Y5SHRC9L9;
				INFOPLIST_FILE = JuImageZoomScale/Info.plist;
				IPHONEOS_DEPLOYMENT_TARGET = 9.0;
				LD_RUNPATH_SEARCH_PATHS = (
					"$(inherited)",
					"@executable_path/Frameworks",
				);
				PRODUCT_BUNDLE_IDENTIFIER = com.aifubao.JuImageZoomScale;
				PRODUCT_NAME = "$(TARGET_NAME)";
				TARGETED_DEVICE_FAMILY = "1,2";
			};
			name = Debug;
		};
		EBCC405420746045001DA272 /* Release */ = {
			isa = XCBuildConfiguration;
			buildSettings = {
				ASSETCATALOG_COMPILER_APPICON_NAME = AppIcon;
				CODE_SIGN_STYLE = Automatic;
				DEVELOPMENT_TEAM = 3Y5SHRC9L9;
				INFOPLIST_FILE = JuImageZoomScale/Info.plist;
				IPHONEOS_DEPLOYMENT_TARGET = 9.0;
				LD_RUNPATH_SEARCH_PATHS = (
					"$(inherited)",
					"@executable_path/Frameworks",
				);
				PRODUCT_BUNDLE_IDENTIFIER = com.aifubao.JuImageZoomScale;
				PRODUCT_NAME = "$(TARGET_NAME)";
				TARGETED_DEVICE_FAMILY = "1,2";
			};
			name = Release;
		};
/* End XCBuildConfiguration section */

/* Begin XCConfigurationList section */
		EBCC403720746044001DA272 /* Build configuration list for PBXProject "JuImageZoomScale" */ = {
			isa = XCConfigurationList;
			buildConfigurations = (
				EBCC405020746045001DA272 /* Debug */,
				EBCC405120746045001DA272 /* Release */,
			);
			defaultConfigurationIsVisible = 0;
			defaultConfigurationName = Release;
		};
		EBCC405220746045001DA272 /* Build configuration list for PBXNativeTarget "JuImageZoomScale" */ = {
			isa = XCConfigurationList;
			buildConfigurations = (
				EBCC405320746045001DA272 /* Debug */,
				EBCC405420746045001DA272 /* Release */,
			);
			defaultConfigurationIsVisible = 0;
			defaultConfigurationName = Release;
		};
/* End XCConfigurationList section */
	};
	rootObject = EBCC403420746044001DA272 /* Project object */;
}
