// !$*UTF8*$!
{
	archiveVersion = 1;
	classes = {
	};
	objectVersion = 50;
	objects = {

/* Begin PBXBuildFile section */
		EBCC404120746044001DA272 /* AppDelegate.m in Sources */ = {isa = PBXBuildFile; fileRef = EBCC404020746044001DA272 /* AppDelegate.m */; };
		EBCC404420746044001DA272 /* ViewController.m in Sources */ = {isa = PBXBuildFile; fileRef = EBCC404320746044001DA272 /* ViewController.m */; };
		EBCC404720746044001DA272 /* Main.storyboard in Resources */ = {isa = PBXBuildFile; fileRef = EBCC404520746044001DA272 /* Main.storyboard */; };
		EBCC404920746045001DA272 /* Assets.xcassets in Resources */ = {isa = PBXBuildFile; fileRef = EBCC404820746045001DA272 /* Assets.xcassets */; };
		EBCC404C20746045001DA272 /* LaunchScreen.storyboard in Resources */ = {isa = PBXBuildFile; fileRef = EBCC404A20746045001DA272 /* LaunchScreen.storyboard */; };
		EBCC404F20746045001DA272 /* main.m in Sources */ = {isa = PBXBuildFile; fileRef = EBCC404E20746045001DA272 /* main.m */; };
/* End PBXBuildFile section */

/* Begin PBXFileReference section */
		EBCC403C20746044001DA272 /* JuImageZoomScale.app */ = {isa = PBXFileReference; explicitFileType = wrapper.application; includeInIndex = 0; path = JuImageZoomScale.app; sourceTree = BUILT_PRODUCTS_DIR; };
		EBCC403F20746044001DA272 /* AppDelegate.h */ = {isa = PBXFileReference; lastKnownFileType = sourcecode.c.h; path = AppDelegate.h; sourceTree = "<group>"; };
		EBCC404020746044001DA272 /* AppDelegate.m */ = {isa = PBXFileReference; lastKnownFileType = sourcecode.c.objc; path = AppDelegate.m; sourceTree = "<group>"; };
		EBCC404220746044001DA272 /* ViewController.h */ = {isa = PBXFileReference; lastKnownFileType = sourcecode.c.h; path = ViewController.h; sourceTree = "<group>"; };
		EBCC404320746044001DA272 /* ViewController.m */ = {isa = PBXFileReference; lastKnownFileType = sourcecode.c.objc; path = ViewController.m; sourceTree = "<group>"; };
		EBCC404620746044001DA272 /* Base */ = {isa = PBXFileReference; lastKnownFileType = file.storyboard; name = Base; path = Base.lproj/Main.storyboard; sourceTree = "<group>"; };
		EBCC404820746045001DA272 /* Assets.xcassets */ = {isa = PBXFileReference; lastKnownFileType = folder.assetcatalog; path = Assets.xcassets; sourceTree = "<group>"; };
		EBCC404B20746045001DA272 /* Base */ = {isa = PBXFileReference; lastKnownFileType = file.storyboard; name = Base; path = Base.lproj/LaunchScreen.storyboard; sourceTree = "<group>"; };
		EBCC404D20746045001DA272 /* Info.plist */ = {isa = PBXFileReference; lastKnownFileType = text.plist.xml; path = Info.plist; sourceTree = "<group>"; };
		EBCC404E20746045001DA272 /* main.m */ = {isa = PBXFileReference; lastKnownFileType = sourcecode.c.objc; path = main.m; sourceTree = "<group>"; };
/* End PBXFileReference section */

/* Begin PBXFrameworksBuildPhase section */
		EBCC403920746044001DA272 /* Frameworks */ = {
			isa = PBXFrameworksBuildPhase;
			buildActionMask = 2147483647;
			files = (
			);
			runOnlyForDeploymentPostprocessing = 0;
		};
/* End PBXFrameworksBuildPhase section */

/* Begin PBXGroup section */
		EBCC403320746044001DA272 = {
			isa = PBXGroup;
			children = (
				EBCC403E20746044001DA272 /* JuImageZoomScale */,
				EBCC403D20746044001DA272 /* Products */,
			);
			sourceTree = "<group>";
		};
		EBCC403D20746044001DA272 /* Products */ = {
			isa = PBXGroup;
			children = (
				EBCC403C20746044001DA272 /* JuImageZoomScale.app */,
			);
			name = Products;
			sourceTree = "<group>";
		};
		EBCC403E20746044001DA272 /* JuImageZoomScale */ = {
			isa = PBXGroup;
			children = (
				EBCC403F20746044001DA272 /* AppDelegate.h */,
				EBCC404020746044001DA272 /* AppDelegate.m */,
				EBCC404220746044001DA272 /* ViewController.h */,
				EBCC404320746044001DA272 /* ViewController.m */,
				EBCC404520746044001DA272 /* Main.storyboard */,
				EBCC404820746045001DA272 /* Assets.xcassets */,
				EBCC404A20746045001DA272 /* LaunchScreen.storyboard */,
				EBCC404D20746045001DA272 /* Info.plist */,
				EBCC404E20746045001DA272 /* main.m */,
			);
			path = JuImageZoomScale;
			sourceTree = "<group>";
		};
/* End PBXGroup section */

/* Begin PBXNativeTarget section */
		EBCC403B20746044001DA272 /* JuImageZoomScale */ = {
			isa = PBXNativeTarget;
			buildConfigurationList = EBCC405220746045001DA272 /* Build configuration list for PBXNativeTarget "JuImageZoomScale" */;
			buildPhases = (
				EBCC403820746044001DA272 /* Sources */,
				EBCC403920746044001DA272 /* Frameworks */,
				EBCC403A20746044001DA272 /* Resources */,
			);
			buildRules = (
			);
			dependencies = (
			);
			name = JuImageZoomScale;
			productName = JuImageZoomScale;
			productReference = EBCC403C20746044001DA272 /* JuImageZoomScale.app */;
			productType = "com.apple.product-type.application";
		};
/* End PBXNativeTarget section */

/* Begin PBXProject section */
		EBCC403420746044001DA272 /* Project object */ = {
			isa = PBXProject;
			attributes = {
				LastUpgradeCheck = 0930;
				ORGANIZATIONNAME = Juvid;
				TargetAttributes = {
					EBCC403B20746044001DA272 = {
						CreatedOnToolsVersion = 9.3;
					};
				};
			};
			buildConfigurationList = EBCC403720746044001DA272 /* Build configuration list for PBXProject "JuImageZoomScale" */;
			compatibilityVersion = "Xcode 9.3";
			developmentRegion = en;
			hasScannedForEncodings = 0;
			knownRegions = (
				en,
				Base,
			);
			mainGroup = EBCC403320746044001DA272;
			productRefGroup = EBCC403D20746044001DA272 /* Products */;
			projectDirPath = "";
			projectRoot = "";
			targets = (
				EBCC403B20746044001DA272 /* JuImageZoomScale */,
			);
		};
/* End PBXProject section */

/* Begin PBXResourcesBuildPhase section */
		EBCC403A20746044001DA272 /* Resources */ = {
			isa = PBXResourcesBuildPhase;
			buildActionMask = 2147483647;
			files = (
				EBCC404C20746045001DA272 /* LaunchScreen.storyboard in Resources */,
				EBCC404920746045001DA272 /* Assets.xcassets in Resources */,
				EBCC404720746044001DA272 /* Main.storyboard in Resources */,
			);
			runOnlyForDeploymentPostprocessing = 0;
		};
/* End PBXResourcesBuildPhase section */

/* Begin PBXSourcesBuildPhase section */
		EBCC403820746044001DA272 /* Sources */ = {
			isa = PBXSourcesBuildPhase;
			buildActionMask = 2147483647;
			files = (
				EBCC404420746044001DA272 /* ViewController.m in Sources */,
				EBCC404F20746045001DA272 /* main.m in Sources */,
				EBCC404120746044001DA272 /* AppDelegate.m in Sources */,
			);
			runOnlyForDeploymentPostprocessing = 0;
		};
/* End PBXSourcesBuildPhase section */

/* Begin PBXVariantGroup section */
		EBCC404520746044001DA272 /* Main.storyboard */ = {
			isa = PBXVariantGroup;
			children = (
				EBCC404620746044001DA272 /* Base */,
			);
			name = Main.storyboard;
			sourceTree = "<group>";
		};
		EBCC404A20746045001DA272 /* LaunchScreen.storyboard */ = {
			isa = PBXVariantGroup;
			children = (
				EBCC404B20746045001DA272 /* Base */,
			);
			name = LaunchScreen.storyboard;
			sourceTree = "<group>";
		};
/* End PBXVariantGroup section */

/* Begin XCBuildConfiguration section */
		EBCC405020746045001DA272 /* Debug */ = {
			isa = XCBuildConfiguration;
			buildSettings = {
				ALWAYS_SEARCH_USER_PATHS = NO;
				CLANG_ANALYZER_NONNULL = YES;
				CLANG_ANALYZER_NUMBER_OBJECT_CONVERSION = YES_AGGRESSIVE;
				CLANG_CXX_LANGUAGE_STANDARD = "gnu++14";
				CLANG_CXX_LIBRARY = "libc++";
				CLANG_ENABLE_MODULES = YES;
				CLANG_ENABLE_OBJC_ARC = YES;
				CLANG_ENABLE_OBJC_WEAK = YES;
				CLANG_WARN_BLOCK_CAPTURE_AUTORELEASING = YES;
				CLANG_WARN_BOOL_CONVERSION = YES;
				CLANG_WARN_COMMA = YES;
				CLANG_WARN_CONSTANT_CONVERSION = YES;
				CLANG_WARN_DEPRECATED_OBJC_IMPLEMENTATIONS = YES;
				CLANG_WARN_DIRECT_OBJC_ISA_USAGE = YES_ERROR;
				CLANG_WARN_DOCUMENTATION_COMMENTS = YES;
				CLANG_WARN_EMPTY_BODY = YES;
				CLANG_WARN_ENUM_CONVERSION = YES;
				CLANG_WARN_INFINITE_RECURSION = YES;
				CLANG_WARN_INT_CONVERSION = YES;
				CLANG_WARN_NON_LITERAL_NULL_CONVERSION = YES;
				CLANG_WARN_OBJC_IMPLICIT_RETAIN_SELF = YES;
				CLANG_WARN_OBJC_LITERAL_CONVERSION = YES;
				CLANG_WARN_OBJC_ROOT_CLASS = YES_ERROR;
				CLANG_WARN_RANGE_LOOP_ANALYSIS = YES;
				CLANG_WARN_STRICT_PROTOTYPES = YES;
				CLANG_WARN_SUSPICIOUS_MOVE = YES;
				CLANG_WARN_UNGUARDED_AVAILABILITY = YES_AGGRESSIVE;
				CLANG_WARN_UNREACHABLE_CODE = YES;
				CLANG_WARN__DUPLICATE_METHOD_MATCH = YES;
				CODE_SIGN_IDENTITY = "iPhone Developer";
				COPY_PHASE_STRIP = NO;
				DEBUG_INFORMATION_FORMAT = dwarf;
				ENABLE_STRICT_OBJC_MSGSEND = YES;
				ENABLE_TESTABILITY = YES;
				GCC_C_LANGUAGE_STANDARD = gnu11;
				GCC_DYNAMIC_NO_PIC = NO;
				GCC_NO_COMMON_BLOCKS = YES;
				GCC_OPTIMIZATION_LEVEL = 0;
				GCC_PREPROCESSOR_DEFINITIONS = (
					"DEBUG=1",
					"$(inherited)",
				);
				GCC_WARN_64_TO_32_BIT_CONVERSION = YES;
				GCC_WARN_ABOUT_RETURN_TYPE = YES_ERROR;
				GCC_WARN_UNDECLARED_SELECTOR = YES;
				GCC_WARN_UNINITIALIZED_AUTOS = YES_AGGRESSIVE;
				GCC_WARN_UNUSED_FUNCTION = YES;
				GCC_WARN_UNUSED_VARIABLE = YES;
				IPHONEOS_DEPLOYMENT_TARGET = 11.3;
				MTL_ENABLE_DEBUG_INFO = YES;
				ONLY_ACTIVE_ARCH = YES;
				SDKROOT = iphoneos;
			};
			name = Debug;
		};
		EBCC405120746045001DA272 /* Release */ = {
			isa = XCBuildConfiguration;
			buildSettings = {
				ALWAYS_SEARCH_USER_PATHS = NO;
				CLANG_ANALYZER_NONNULL = YES;
				CLANG_ANALYZER_NUMBER_OBJECT_CONVERSION = YES_AGGRESSIVE;
				CLANG_CXX_LANGUAGE_STANDARD = "gnu++14";
				CLANG_CXX_LIBRARY = "libc++";
				CLANG_ENABLE_MODULES = YES;
				CLANG_ENABLE_OBJC_ARC = YES;
				CLANG_ENABLE_OBJC_WEAK = YES;
				CLANG_WARN_BLOCK_CAPTURE_AUTORELEASING = YES;
				CLANG_WARN_BOOL_CONVERSION = YES;
				CLANG_WARN_COMMA = YES;
				CLANG_WARN_CONSTANT_CONVERSION = YES;
				CLANG_WARN_DEPRECATED_OBJC_IMPLEMENTATIONS = YES;
				CLANG_WARN_DIRECT_OBJC_ISA_USAGE = YES_ERROR;
				CLANG_WARN_DOCUMENTATION_COMMENTS = YES;
				CLANG_WARN_EMPTY_BODY = YES;
				CLANG_WARN_ENUM_CONVERSION = YES;
				CLANG_WARN_INFINITE_RECURSION = YES;
				CLANG_WARN_INT_CONVERSION = YES;
				CLANG_WARN_NON_LITERAL_NULL_CONVERSION = YES;
				CLANG_WARN_OBJC_IMPLICIT_RETAIN_SELF = YES;
				CLANG_WARN_OBJC_LITERAL_CONVERSION = YES;
				CLANG_WARN_OBJC_ROOT_CLASS = YES_ERROR;
				CLANG_WARN_RANGE_LOOP_ANALYSIS = YES;
				CLANG_WARN_STRICT_PROTOTYPES = YES;
				CLANG_WARN_SUSPICIOUS_MOVE = YES;
				CLANG_WARN_UNGUARDED_AVAILABILITY = YES_AGGRESSIVE;
				CLANG_WARN_UNREACHABLE_CODE = YES;
				CLANG_WARN__DUPLICATE_METHOD_MATCH = YES;
				CODE_SIGN_IDENTITY = "iPhone Developer";
				COPY_PHASE_STRIP = NO;
				DEBUG_INFORMATION_FORMAT = "dwarf-with-dsym";
				ENABLE_NS_ASSERTIONS = NO;
				ENABLE_STRICT_OBJC_MSGSEND = YES;
				GCC_C_LANGUAGE_STANDARD = gnu11;
				GCC_NO_COMMON_BLOCKS = YES;
				GCC_WARN_64_TO_32_BIT_CONVERSION = YES;
				GCC_WARN_ABOUT_RETURN_TYPE = YES_ERROR;
				GCC_WARN_UNDECLARED_SELECTOR = YES;
				GCC_WARN_UNINITIALIZED_AUTOS = YES_AGGRESSIVE;
				GCC_WARN_UNUSED_FUNCTION = YES;
				GCC_WARN_UNUSED_VARIABLE = YES;
				IPHONEOS_DEPLOYMENT_TARGET = 11.3;
				MTL_ENABLE_DEBUG_INFO = NO;
				SDKROOT = iphoneos;
				VALIDATE_PRODUCT = YES;
			};
			name = Release;
		};
		EBCC405320746045001DA272 /* Debug */ = {
			isa = XCBuildConfiguration;
			buildSettings = {
				ASSETCATALOG_COMPILER_APPICON_NAME = AppIcon;
				CODE_SIGN_STYLE = Automatic;
				INFOPLIST_FILE = JuImageZoomScale/Info.plist;
				LD_RUNPATH_SEARCH_PATHS = (
					"$(inherited)",
					"@executable_path/Frameworks",
				);
				PRODUCT_BUNDLE_IDENTIFIER = com.aifubao.JuImageZoomScale;
				PRODUCT_NAME = "$(TARGET_NAME)";
				TARGETED_DEVICE_FAMILY = "1,2";
			};
			name = Debug;
		};
		EBCC405420746045001DA272 /* Release */ = {
			isa = XCBuildConfiguration;
			buildSettings = {
				ASSETCATALOG_COMPILER_APPICON_NAME = AppIcon;
				CODE_SIGN_STYLE = Automatic;
				INFOPLIST_FILE = JuImageZoomScale/Info.plist;
				LD_RUNPATH_SEARCH_PATHS = (
					"$(inherited)",
					"@executable_path/Frameworks",
				);
				PRODUCT_BUNDLE_IDENTIFIER = com.aifubao.JuImageZoomScale;
				PRODUCT_NAME = "$(TARGET_NAME)";
				TARGETED_DEVICE_FAMILY = "1,2";
			};
			name = Release;
		};
/* End XCBuildConfiguration section */

/* Begin XCConfigurationList section */
		EBCC403720746044001DA272 /* Build configuration list for PBXProject "JuImageZoomScale" */ = {
			isa = XCConfigurationList;
			buildConfigurations = (
				EBCC405020746045001DA272 /* Debug */,
				EBCC405120746045001DA272 /* Release */,
			);
			defaultConfigurationIsVisible = 0;
			defaultConfigurationName = Release;
		};
		EBCC405220746045001DA272 /* Build configuration list for PBXNativeTarget "JuImageZoomScale" */ = {
			isa = XCConfigurationList;
			buildConfigurations = (
				EBCC405320746045001DA272 /* Debug */,
				EBCC405420746045001DA272 /* Release */,
			);
			defaultConfigurationIsVisible = 0;
			defaultConfigurationName = Release;
		};
/* End XCConfigurationList section */
	};
	rootObject = EBCC403420746044001DA272 /* Project object */;
}
