// !$*UTF8*$!
{
	archiveVersion = 1;
	classes = {
	};
	objectVersion = 50;
	objects = {

/* Begin PBXBuildFile section */
		A44813040180E81BE37ADB7F /* libPods-JuImageZoomScale.a in Frameworks */ = {isa = PBXBuildFile; fileRef = 5AFD14888FB121A9B5E525ED /* libPods-JuImageZoomScale.a */; };
		EB9084332591E0EB00EDD795 /* UIImage+category.m in Sources */ = {isa = PBXBuildFile; fileRef = EB9084312591E0EB00EDD795 /* UIImage+category.m */; };
		EB9084392591EAEE00EDD795 /* JuImageRotatingVC.m in Sources */ = {isa = PBXBuildFile; fileRef = EB9084382591EAEE00EDD795 /* JuImageRotatingVC.m */; };
		EBA4047B207DE59B00E9E1ED /* CollectionViewCell.m in Sources */ = {isa = PBXBuildFile; fileRef = EBA4047A207DE59B00E9E1ED /* CollectionViewCell.m */; };
		EBA4047D207DF73300E9E1ED /* show.gif in Resources */ = {isa = PBXBuildFile; fileRef = EBA4047C207DF73300E9E1ED /* show.gif */; };
		EBC5060425764D4D0038A617 /* JuAnimated.m in Sources */ = {isa = PBXBuildFile; fileRef = EBC505DA25764D4D0038A617 /* JuAnimated.m */; };
		EBC5060525764D4D0038A617 /* JuImagesCollectView.m in Sources */ = {isa = PBXBuildFile; fileRef = EBC505DB25764D4D0038A617 /* JuImagesCollectView.m */; };
		EBC5060625764D4D0038A617 /* JuZoomScaleView.m in Sources */ = {isa = PBXBuildFile; fileRef = EBC505DC25764D4D0038A617 /* JuZoomScaleView.m */; };
		EBC5060725764D4D0038A617 /* JuImageObject.m in Sources */ = {isa = PBXBuildFile; fileRef = EBC505DD25764D4D0038A617 /* JuImageObject.m */; };
		EBC5060825764D4D0038A617 /* JuImagesCollectCell.m in Sources */ = {isa = PBXBuildFile; fileRef = EBC505DE25764D4D0038A617 /* JuImagesCollectCell.m */; };
		EBC5060925764D4D0038A617 /* JuLargeImageVC.m in Sources */ = {isa = PBXBuildFile; fileRef = EBC505E025764D4D0038A617 /* JuLargeImageVC.m */; };
		EBC5060A25764D4D0038A617 /* JuProgressView.m in Sources */ = {isa = PBXBuildFile; fileRef = EBC505E125764D4D0038A617 /* JuProgressView.m */; };
		EBC5060B25764D4D0038A617 /* JuFullWindow.m in Sources */ = {isa = PBXBuildFile; fileRef = EBC505E425764D4D0038A617 /* JuFullWindow.m */; };
		EBC5060C25764D4D0038A617 /* JuAlbumPreviewVC.m in Sources */ = {isa = PBXBuildFile; fileRef = EBC505E925764D4D0038A617 /* JuAlbumPreviewVC.m */; };
		EBC5060D25764D4D0038A617 /* JuPhotoPickers.m in Sources */ = {isa = PBXBuildFile; fileRef = EBC505EC25764D4D0038A617 /* JuPhotoPickers.m */; };
		EBC5060E25764D4D0038A617 /* UIImage+PhotoManage.m in Sources */ = {isa = PBXBuildFile; fileRef = EBC505F025764D4D0038A617 /* UIImage+PhotoManage.m */; };
		EBC5060F25764D4D0038A617 /* UIImage+mbCropping.m in Sources */ = {isa = PBXBuildFile; fileRef = EBC505F125764D4D0038A617 /* UIImage+mbCropping.m */; };
		EBC5061025764D4D0038A617 /* RHAssetsLibrary.m in Sources */ = {isa = PBXBuildFile; fileRef = EBC505F925764D4D0038A617 /* RHAssetsLibrary.m */; };
		EBC5061125764D4D0038A617 /* JuPhotoCollectionVCell.m in Sources */ = {isa = PBXBuildFile; fileRef = EBC505FB25764D4D0038A617 /* JuPhotoCollectionVCell.m */; };
		EBC5061225764D4D0038A617 /* JuPhotoOverlayView.m in Sources */ = {isa = PBXBuildFile; fileRef = EBC505FD25764D4D0038A617 /* JuPhotoOverlayView.m */; };
		EBC5061325764D4D0038A617 /* JuPhotoCollectionFoot.m in Sources */ = {isa = PBXBuildFile; fileRef = EBC505FE25764D4D0038A617 /* JuPhotoCollectionFoot.m */; };
		EBC5061425764D4D0038A617 /* JuPhotoCollectionVController.m in Sources */ = {isa = PBXBuildFile; fileRef = EBC505FF25764D4D0038A617 /* JuPhotoCollectionVController.m */; };
		EBC5061525764D4D0038A617 /* JuPhotoGroupViewController.m in Sources */ = {isa = PBXBuildFile; fileRef = EBC5060125764D4D0038A617 /* JuPhotoGroupViewController.m */; };
		EBC5061625764D4D0038A617 /* JuPhotoGroupCell.m in Sources */ = {isa = PBXBuildFile; fileRef = EBC5060225764D4D0038A617 /* JuPhotoGroupCell.m */; };
		EBC5062425764D640038A617 /* UIView+JuLayout.m in Sources */ = {isa = PBXBuildFile; fileRef = EBC5061B25764D640038A617 /* UIView+JuLayout.m */; };
		EBC5062525764D640038A617 /* UIView+Frame.m in Sources */ = {isa = PBXBuildFile; fileRef = EBC5061C25764D640038A617 /* UIView+Frame.m */; };
		EBC5062625764D640038A617 /* JuLayout.m in Sources */ = {isa = PBXBuildFile; fileRef = EBC5061D25764D640038A617 /* JuLayout.m */; };
		EBC5062725764D640038A617 /* UIView+JuConstraint.m in Sources */ = {isa = PBXBuildFile; fileRef = EBC5061F25764D640038A617 /* UIView+JuConstraint.m */; };
		EBC5062825764D640038A617 /* UIView+JuLayGroup.m in Sources */ = {isa = PBXBuildFile; fileRef = EBC5062025764D640038A617 /* UIView+JuLayGroup.m */; };
		EBCC404120746044001DA272 /* AppDelegate.m in Sources */ = {isa = PBXBuildFile; fileRef = EBCC404020746044001DA272 /* AppDelegate.m */; };
		EBCC404420746044001DA272 /* ViewController.m in Sources */ = {isa = PBXBuildFile; fileRef = EBCC404320746044001DA272 /* ViewController.m */; };
		EBCC404720746044001DA272 /* Main.storyboard in Resources */ = {isa = PBXBuildFile; fileRef = EBCC404520746044001DA272 /* Main.storyboard */; };
		EBCC404920746045001DA272 /* Assets.xcassets in Resources */ = {isa = PBXBuildFile; fileRef = EBCC404820746045001DA272 /* Assets.xcassets */; };
		EBCC404C20746045001DA272 /* LaunchScreen.storyboard in Resources */ = {isa = PBXBuildFile; fileRef = EBCC404A20746045001DA272 /* LaunchScreen.storyboard */; };
		EBCC404F20746045001DA272 /* main.m in Sources */ = {isa = PBXBuildFile; fileRef = EBCC404E20746045001DA272 /* main.m */; };
		EBCC4098207469A4001DA272 /* 3.jpg in Resources */ = {isa = PBXBuildFile; fileRef = EBCC4097207469A4001DA272 /* 3.jpg */; };
		EBCC40AA2074784E001DA272 /* 1.jpg in Resources */ = {isa = PBXBuildFile; fileRef = EBCC40A92074784D001DA272 /* 1.jpg */; };
		EBD19C4D2101D1EA00972AE7 /* JuNavigationVC.m in Sources */ = {isa = PBXBuildFile; fileRef = EBD19C4C2101D1EA00972AE7 /* JuNavigationVC.m */; };
/* End PBXBuildFile section */

/* Begin PBXFileReference section */
		5AFD14888FB121A9B5E525ED /* libPods-JuImageZoomScale.a */ = {isa = PBXFileReference; explicitFileType = archive.ar; includeInIndex = 0; path = "libPods-JuImageZoomScale.a"; sourceTree = BUILT_PRODUCTS_DIR; };
		7D9F63E47DA8E0E5873647AF /* Pods-JuImageZoomScale.debug.xcconfig */ = {isa = PBXFileReference; includeInIndex = 1; lastKnownFileType = text.xcconfig; name = "Pods-JuImageZoomScale.debug.xcconfig"; path = "Target Support Files/Pods-JuImageZoomScale/Pods-JuImageZoomScale.debug.xcconfig"; sourceTree = "<group>"; };
		C3B7B54A8437E1DA9A6F8BF7 /* Pods-JuImageZoomScale.release.xcconfig */ = {isa = PBXFileReference; includeInIndex = 1; lastKnownFileType = text.xcconfig; name = "Pods-JuImageZoomScale.release.xcconfig"; path = "Target Support Files/Pods-JuImageZoomScale/Pods-JuImageZoomScale.release.xcconfig"; sourceTree = "<group>"; };
		EB90842E2591E0EB00EDD795 /* UIImage+category.h */ = {isa = PBXFileReference; fileEncoding = 4; lastKnownFileType = sourcecode.c.h; path = "UIImage+category.h"; sourceTree = "<group>"; };
		EB9084312591E0EB00EDD795 /* UIImage+category.m */ = {isa = PBXFileReference; fileEncoding = 4; lastKnownFileType = sourcecode.c.objc; path = "UIImage+category.m"; sourceTree = "<group>"; };
		EB9084372591EAEE00EDD795 /* JuImageRotatingVC.h */ = {isa = PBXFileReference; fileEncoding = 4; lastKnownFileType = sourcecode.c.h; path = JuImageRotatingVC.h; sourceTree = "<group>"; };
		EB9084382591EAEE00EDD795 /* JuImageRotatingVC.m */ = {isa = PBXFileReference; fileEncoding = 4; lastKnownFileType = sourcecode.c.objc; path = JuImageRotatingVC.m; sourceTree = "<group>"; };
		EBA40479207DE59B00E9E1ED /* CollectionViewCell.h */ = {isa = PBXFileReference; lastKnownFileType = sourcecode.c.h; path = CollectionViewCell.h; sourceTree = "<group>"; };
		EBA4047A207DE59B00E9E1ED /* CollectionViewCell.m */ = {isa = PBXFileReference; lastKnownFileType = sourcecode.c.objc; path = CollectionViewCell.m; sourceTree = "<group>"; };
		EBA4047C207DF73300E9E1ED /* show.gif */ = {isa = PBXFileReference; lastKnownFileType = image.gif; path = show.gif; sourceTree = "<group>"; };
		EBC505D925764D4D0038A617 /* JuFullWindow.h */ = {isa = PBXFileReference; fileEncoding = 4; lastKnownFileType = sourcecode.c.h; path = JuFullWindow.h; sourceTree = "<group>"; };
		EBC505DA25764D4D0038A617 /* JuAnimated.m */ = {isa = PBXFileReference; fileEncoding = 4; lastKnownFileType = sourcecode.c.objc; path = JuAnimated.m; sourceTree = "<group>"; };
		EBC505DB25764D4D0038A617 /* JuImagesCollectView.m */ = {isa = PBXFileReference; fileEncoding = 4; lastKnownFileType = sourcecode.c.objc; path = JuImagesCollectView.m; sourceTree = "<group>"; };
		EBC505DC25764D4D0038A617 /* JuZoomScaleView.m */ = {isa = PBXFileReference; fileEncoding = 4; lastKnownFileType = sourcecode.c.objc; path = JuZoomScaleView.m; sourceTree = "<group>"; };
		EBC505DD25764D4D0038A617 /* JuImageObject.m */ = {isa = PBXFileReference; fileEncoding = 4; lastKnownFileType = sourcecode.c.objc; path = JuImageObject.m; sourceTree = "<group>"; };
		EBC505DE25764D4D0038A617 /* JuImagesCollectCell.m */ = {isa = PBXFileReference; fileEncoding = 4; lastKnownFileType = sourcecode.c.objc; path = JuImagesCollectCell.m; sourceTree = "<group>"; };
		EBC505DF25764D4D0038A617 /* JuAlbumPreviewVC.h */ = {isa = PBXFileReference; fileEncoding = 4; lastKnownFileType = sourcecode.c.h; path = JuAlbumPreviewVC.h; sourceTree = "<group>"; };
		EBC505E025764D4D0038A617 /* JuLargeImageVC.m */ = {isa = PBXFileReference; fileEncoding = 4; lastKnownFileType = sourcecode.c.objc; path = JuLargeImageVC.m; sourceTree = "<group>"; };
		EBC505E125764D4D0038A617 /* JuProgressView.m */ = {isa = PBXFileReference; fileEncoding = 4; lastKnownFileType = sourcecode.c.objc; path = JuProgressView.m; sourceTree = "<group>"; };
		EBC505E225764D4D0038A617 /* JuDefine.h */ = {isa = PBXFileReference; fileEncoding = 4; lastKnownFileType = sourcecode.c.h; path = JuDefine.h; sourceTree = "<group>"; };
		EBC505E325764D4D0038A617 /* JuAnimated.h */ = {isa = PBXFileReference; fileEncoding = 4; lastKnownFileType = sourcecode.c.h; path = JuAnimated.h; sourceTree = "<group>"; };
		EBC505E425764D4D0038A617 /* JuFullWindow.m */ = {isa = PBXFileReference; fileEncoding = 4; lastKnownFileType = sourcecode.c.objc; path = JuFullWindow.m; sourceTree = "<group>"; };
		EBC505E525764D4D0038A617 /* JuZoomScaleView.h */ = {isa = PBXFileReference; fileEncoding = 4; lastKnownFileType = sourcecode.c.h; path = JuZoomScaleView.h; sourceTree = "<group>"; };
		EBC505E625764D4D0038A617 /* JuImagesCollectView.h */ = {isa = PBXFileReference; fileEncoding = 4; lastKnownFileType = sourcecode.c.h; path = JuImagesCollectView.h; sourceTree = "<group>"; };
		EBC505E725764D4D0038A617 /* JuLargeImageVC.h */ = {isa = PBXFileReference; fileEncoding = 4; lastKnownFileType = sourcecode.c.h; path = JuLargeImageVC.h; sourceTree = "<group>"; };
		EBC505E825764D4D0038A617 /* JuProgressView.h */ = {isa = PBXFileReference; fileEncoding = 4; lastKnownFileType = sourcecode.c.h; path = JuProgressView.h; sourceTree = "<group>"; };
		EBC505E925764D4D0038A617 /* JuAlbumPreviewVC.m */ = {isa = PBXFileReference; fileEncoding = 4; lastKnownFileType = sourcecode.c.objc; path = JuAlbumPreviewVC.m; sourceTree = "<group>"; };
		EBC505EA25764D4D0038A617 /* JuImagesCollectCell.h */ = {isa = PBXFileReference; fileEncoding = 4; lastKnownFileType = sourcecode.c.h; path = JuImagesCollectCell.h; sourceTree = "<group>"; };
		EBC505EB25764D4D0038A617 /* JuImageObject.h */ = {isa = PBXFileReference; fileEncoding = 4; lastKnownFileType = sourcecode.c.h; path = JuImageObject.h; sourceTree = "<group>"; };
		EBC505EC25764D4D0038A617 /* JuPhotoPickers.m */ = {isa = PBXFileReference; fileEncoding = 4; lastKnownFileType = sourcecode.c.objc; path = JuPhotoPickers.m; sourceTree = "<group>"; };
		EBC505EE25764D4D0038A617 /* UIImage+mbCropping.h */ = {isa = PBXFileReference; fileEncoding = 4; lastKnownFileType = sourcecode.c.h; path = "UIImage+mbCropping.h"; sourceTree = "<group>"; };
		EBC505EF25764D4D0038A617 /* UIImage+PhotoManage.h */ = {isa = PBXFileReference; fileEncoding = 4; lastKnownFileType = sourcecode.c.h; path = "UIImage+PhotoManage.h"; sourceTree = "<group>"; };
		EBC505F025764D4D0038A617 /* UIImage+PhotoManage.m */ = {isa = PBXFileReference; fileEncoding = 4; lastKnownFileType = sourcecode.c.objc; path = "UIImage+PhotoManage.m"; sourceTree = "<group>"; };
		EBC505F125764D4D0038A617 /* UIImage+mbCropping.m */ = {isa = PBXFileReference; fileEncoding = 4; lastKnownFileType = sourcecode.c.objc; path = "UIImage+mbCropping.m"; sourceTree = "<group>"; };
		EBC505F225764D4D0038A617 /* JuPhotoPickers.h */ = {isa = PBXFileReference; fileEncoding = 4; lastKnownFileType = sourcecode.c.h; path = JuPhotoPickers.h; sourceTree = "<group>"; };
		EBC505F325764D4D0038A617 /* JuPhotoConfig.h */ = {isa = PBXFileReference; fileEncoding = 4; lastKnownFileType = sourcecode.c.h; path = JuPhotoConfig.h; sourceTree = "<group>"; };
		EBC505F525764D4D0038A617 /* JuPhotoDelegate.h */ = {isa = PBXFileReference; fileEncoding = 4; lastKnownFileType = sourcecode.c.h; path = JuPhotoDelegate.h; sourceTree = "<group>"; };
		EBC505F625764D4D0038A617 /* JuPhotoCollectionFoot.h */ = {isa = PBXFileReference; fileEncoding = 4; lastKnownFileType = sourcecode.c.h; path = JuPhotoCollectionFoot.h; sourceTree = "<group>"; };
		EBC505F725764D4D0038A617 /* JuPhotoOverlayView.h */ = {isa = PBXFileReference; fileEncoding = 4; lastKnownFileType = sourcecode.c.h; path = JuPhotoOverlayView.h; sourceTree = "<group>"; };
		EBC505F825764D4D0038A617 /* JuPhotoGroupViewController.h */ = {isa = PBXFileReference; fileEncoding = 4; lastKnownFileType = sourcecode.c.h; path = JuPhotoGroupViewController.h; sourceTree = "<group>"; };
		EBC505F925764D4D0038A617 /* RHAssetsLibrary.m */ = {isa = PBXFileReference; fileEncoding = 4; lastKnownFileType = sourcecode.c.objc; path = RHAssetsLibrary.m; sourceTree = "<group>"; };
		EBC505FA25764D4D0038A617 /* JuPhotoCollectionVController.h */ = {isa = PBXFileReference; fileEncoding = 4; lastKnownFileType = sourcecode.c.h; path = JuPhotoCollectionVController.h; sourceTree = "<group>"; };
		EBC505FB25764D4D0038A617 /* JuPhotoCollectionVCell.m */ = {isa = PBXFileReference; fileEncoding = 4; lastKnownFileType = sourcecode.c.objc; path = JuPhotoCollectionVCell.m; sourceTree = "<group>"; };
		EBC505FC25764D4D0038A617 /* JuPhotoGroupCell.h */ = {isa = PBXFileReference; fileEncoding = 4; lastKnownFileType = sourcecode.c.h; path = JuPhotoGroupCell.h; sourceTree = "<group>"; };
		EBC505FD25764D4D0038A617 /* JuPhotoOverlayView.m */ = {isa = PBXFileReference; fileEncoding = 4; lastKnownFileType = sourcecode.c.objc; path = JuPhotoOverlayView.m; sourceTree = "<group>"; };
		EBC505FE25764D4D0038A617 /* JuPhotoCollectionFoot.m */ = {isa = PBXFileReference; fileEncoding = 4; lastKnownFileType = sourcecode.c.objc; path = JuPhotoCollectionFoot.m; sourceTree = "<group>"; };
		EBC505FF25764D4D0038A617 /* JuPhotoCollectionVController.m */ = {isa = PBXFileReference; fileEncoding = 4; lastKnownFileType = sourcecode.c.objc; path = JuPhotoCollectionVController.m; sourceTree = "<group>"; };
		EBC5060025764D4D0038A617 /* RHAssetsLibrary.h */ = {isa = PBXFileReference; fileEncoding = 4; lastKnownFileType = sourcecode.c.h; path = RHAssetsLibrary.h; sourceTree = "<group>"; };
		EBC5060125764D4D0038A617 /* JuPhotoGroupViewController.m */ = {isa = PBXFileReference; fileEncoding = 4; lastKnownFileType = sourcecode.c.objc; path = JuPhotoGroupViewController.m; sourceTree = "<group>"; };
		EBC5060225764D4D0038A617 /* JuPhotoGroupCell.m */ = {isa = PBXFileReference; fileEncoding = 4; lastKnownFileType = sourcecode.c.objc; path = JuPhotoGroupCell.m; sourceTree = "<group>"; };
		EBC5060325764D4D0038A617 /* JuPhotoCollectionVCell.h */ = {isa = PBXFileReference; fileEncoding = 4; lastKnownFileType = sourcecode.c.h; path = JuPhotoCollectionVCell.h; sourceTree = "<group>"; };
		EBC5061925764D640038A617 /* UIView+JuLayGroup.h */ = {isa = PBXFileReference; fileEncoding = 4; lastKnownFileType = sourcecode.c.h; path = "UIView+JuLayGroup.h"; sourceTree = "<group>"; };
		EBC5061A25764D640038A617 /* UIView+JuConstraint.h */ = {isa = PBXFileReference; fileEncoding = 4; lastKnownFileType = sourcecode.c.h; path = "UIView+JuConstraint.h"; sourceTree = "<group>"; };
		EBC5061B25764D640038A617 /* UIView+JuLayout.m */ = {isa = PBXFileReference; fileEncoding = 4; lastKnownFileType = sourcecode.c.objc; path = "UIView+JuLayout.m"; sourceTree = "<group>"; };
		EBC5061C25764D640038A617 /* UIView+Frame.m */ = {isa = PBXFileReference; fileEncoding = 4; lastKnownFileType = sourcecode.c.objc; path = "UIView+Frame.m"; sourceTree = "<group>"; };
		EBC5061D25764D640038A617 /* JuLayout.m */ = {isa = PBXFileReference; fileEncoding = 4; lastKnownFileType = sourcecode.c.objc; path = JuLayout.m; sourceTree = "<group>"; };
		EBC5061E25764D640038A617 /* JuLayoutFrame.h */ = {isa = PBXFileReference; fileEncoding = 4; lastKnownFileType = sourcecode.c.h; path = JuLayoutFrame.h; sourceTree = "<group>"; };
		EBC5061F25764D640038A617 /* UIView+JuConstraint.m */ = {isa = PBXFileReference; fileEncoding = 4; lastKnownFileType = sourcecode.c.objc; path = "UIView+JuConstraint.m"; sourceTree = "<group>"; };
		EBC5062025764D640038A617 /* UIView+JuLayGroup.m */ = {isa = PBXFileReference; fileEncoding = 4; lastKnownFileType = sourcecode.c.objc; path = "UIView+JuLayGroup.m"; sourceTree = "<group>"; };
		EBC5062125764D640038A617 /* UIView+JuLayout.h */ = {isa = PBXFileReference; fileEncoding = 4; lastKnownFileType = sourcecode.c.h; path = "UIView+JuLayout.h"; sourceTree = "<group>"; };
		EBC5062225764D640038A617 /* JuLayout.h */ = {isa = PBXFileReference; fileEncoding = 4; lastKnownFileType = sourcecode.c.h; path = JuLayout.h; sourceTree = "<group>"; };
		EBC5062325764D640038A617 /* UIView+Frame.h */ = {isa = PBXFileReference; fileEncoding = 4; lastKnownFileType = sourcecode.c.h; path = "UIView+Frame.h"; sourceTree = "<group>"; };
		EBCC403C20746044001DA272 /* JuImageZoomScale.app */ = {isa = PBXFileReference; explicitFileType = wrapper.application; includeInIndex = 0; path = JuImageZoomScale.app; sourceTree = BUILT_PRODUCTS_DIR; };
		EBCC403F20746044001DA272 /* AppDelegate.h */ = {isa = PBXFileReference; lastKnownFileType = sourcecode.c.h; path = AppDelegate.h; sourceTree = "<group>"; };
		EBCC404020746044001DA272 /* AppDelegate.m */ = {isa = PBXFileReference; lastKnownFileType = sourcecode.c.objc; path = AppDelegate.m; sourceTree = "<group>"; };
		EBCC404220746044001DA272 /* ViewController.h */ = {isa = PBXFileReference; lastKnownFileType = sourcecode.c.h; path = ViewController.h; sourceTree = "<group>"; };
		EBCC404320746044001DA272 /* ViewController.m */ = {isa = PBXFileReference; lastKnownFileType = sourcecode.c.objc; path = ViewController.m; sourceTree = "<group>"; };
		EBCC404620746044001DA272 /* Base */ = {isa = PBXFileReference; lastKnownFileType = file.storyboard; name = Base; path = Base.lproj/Main.storyboard; sourceTree = "<group>"; };
		EBCC404820746045001DA272 /* Assets.xcassets */ = {isa = PBXFileReference; lastKnownFileType = folder.assetcatalog; path = Assets.xcassets; sourceTree = "<group>"; };
		EBCC404B20746045001DA272 /* Base */ = {isa = PBXFileReference; lastKnownFileType = file.storyboard; name = Base; path = Base.lproj/LaunchScreen.storyboard; sourceTree = "<group>"; };
		EBCC404D20746045001DA272 /* Info.plist */ = {isa = PBXFileReference; lastKnownFileType = text.plist.xml; path = Info.plist; sourceTree = "<group>"; };
		EBCC404E20746045001DA272 /* main.m */ = {isa = PBXFileReference; lastKnownFileType = sourcecode.c.objc; path = main.m; sourceTree = "<group>"; };
		EBCC4097207469A4001DA272 /* 3.jpg */ = {isa = PBXFileReference; lastKnownFileType = image.jpeg; path = 3.jpg; sourceTree = "<group>"; };
		EBCC40A92074784D001DA272 /* 1.jpg */ = {isa = PBXFileReference; lastKnownFileType = image.jpeg; path = 1.jpg; sourceTree = "<group>"; };
		EBD19C4B2101D1EA00972AE7 /* JuNavigationVC.h */ = {isa = PBXFileReference; lastKnownFileType = sourcecode.c.h; path = JuNavigationVC.h; sourceTree = "<group>"; };
		EBD19C4C2101D1EA00972AE7 /* JuNavigationVC.m */ = {isa = PBXFileReference; lastKnownFileType = sourcecode.c.objc; path = JuNavigationVC.m; sourceTree = "<group>"; };
/* End PBXFileReference section */

/* Begin PBXFrameworksBuildPhase section */
		EBCC403920746044001DA272 /* Frameworks */ = {
			isa = PBXFrameworksBuildPhase;
			buildActionMask = 2147483647;
			files = (
				A44813040180E81BE37ADB7F /* libPods-JuImageZoomScale.a in Frameworks */,
			);
			runOnlyForDeploymentPostprocessing = 0;
		};
/* End PBXFrameworksBuildPhase section */

/* Begin PBXGroup section */
		90D45984A902870E3600F3AE /* Pods */ = {
			isa = PBXGroup;
			children = (
				7D9F63E47DA8E0E5873647AF /* Pods-JuImageZoomScale.debug.xcconfig */,
				C3B7B54A8437E1DA9A6F8BF7 /* Pods-JuImageZoomScale.release.xcconfig */,
			);
			path = Pods;
			sourceTree = "<group>";
		};
		E8F5EB692DB9975E67205FBE /* Frameworks */ = {
			isa = PBXGroup;
			children = (
				5AFD14888FB121A9B5E525ED /* libPods-JuImageZoomScale.a */,
			);
			name = Frameworks;
			sourceTree = "<group>";
		};
		EB90842D2591E0DE00EDD795 /* JuImageEdit */ = {
			isa = PBXGroup;
			children = (
				EB9084372591EAEE00EDD795 /* JuImageRotatingVC.h */,
				EB9084382591EAEE00EDD795 /* JuImageRotatingVC.m */,
				EB90842E2591E0EB00EDD795 /* UIImage+category.h */,
				EB9084312591E0EB00EDD795 /* UIImage+category.m */,
			);
			path = JuImageEdit;
			sourceTree = "<group>";
		};
		EBC505D725764D4D0038A617 /* JuPhoto */ = {
			isa = PBXGroup;
			children = (
				EB90842D2591E0DE00EDD795 /* JuImageEdit */,
				EBC505ED25764D4D0038A617 /* Ex */,
				EBC505F425764D4D0038A617 /* JuPhotos */,
				EBC505D825764D4D0038A617 /* JuZoomImage */,
				EBC505F225764D4D0038A617 /* JuPhotoPickers.h */,
				EBC505EC25764D4D0038A617 /* JuPhotoPickers.m */,
				EBC505F325764D4D0038A617 /* JuPhotoConfig.h */,
			);
			path = JuPhoto;
			sourceTree = "<group>";
		};
		EBC505D825764D4D0038A617 /* JuZoomImage */ = {
			isa = PBXGroup;
			children = (
				EBC505DF25764D4D0038A617 /* JuAlbumPreviewVC.h */,
				EBC505E925764D4D0038A617 /* JuAlbumPreviewVC.m */,
				EBC505E325764D4D0038A617 /* JuAnimated.h */,
				EBC505DA25764D4D0038A617 /* JuAnimated.m */,
				EBC505E225764D4D0038A617 /* JuDefine.h */,
				EBC505D925764D4D0038A617 /* JuFullWindow.h */,
				EBC505E425764D4D0038A617 /* JuFullWindow.m */,
				EBC505EB25764D4D0038A617 /* JuImageObject.h */,
				EBC505DD25764D4D0038A617 /* JuImageObject.m */,
				EBC505EA25764D4D0038A617 /* JuImagesCollectCell.h */,
				EBC505DE25764D4D0038A617 /* JuImagesCollectCell.m */,
				EBC505E625764D4D0038A617 /* JuImagesCollectView.h */,
				EBC505DB25764D4D0038A617 /* JuImagesCollectView.m */,
				EBC505E725764D4D0038A617 /* JuLargeImageVC.h */,
				EBC505E025764D4D0038A617 /* JuLargeImageVC.m */,
				EBC505E825764D4D0038A617 /* JuProgressView.h */,
				EBC505E125764D4D0038A617 /* JuProgressView.m */,
				EBC505E525764D4D0038A617 /* JuZoomScaleView.h */,
				EBC505DC25764D4D0038A617 /* JuZoomScaleView.m */,
			);
			path = JuZoomImage;
			sourceTree = "<group>";
		};
		EBC505ED25764D4D0038A617 /* Ex */ = {
			isa = PBXGroup;
			children = (
				EBC505EE25764D4D0038A617 /* UIImage+mbCropping.h */,
				EBC505EF25764D4D0038A617 /* UIImage+PhotoManage.h */,
				EBC505F025764D4D0038A617 /* UIImage+PhotoManage.m */,
				EBC505F125764D4D0038A617 /* UIImage+mbCropping.m */,
			);
			path = Ex;
			sourceTree = "<group>";
		};
		EBC505F425764D4D0038A617 /* JuPhotos */ = {
			isa = PBXGroup;
			children = (
				EBC505F525764D4D0038A617 /* JuPhotoDelegate.h */,
				EBC505F625764D4D0038A617 /* JuPhotoCollectionFoot.h */,
				EBC505F725764D4D0038A617 /* JuPhotoOverlayView.h */,
				EBC505F825764D4D0038A617 /* JuPhotoGroupViewController.h */,
				EBC505F925764D4D0038A617 /* RHAssetsLibrary.m */,
				EBC505FA25764D4D0038A617 /* JuPhotoCollectionVController.h */,
				EBC505FB25764D4D0038A617 /* JuPhotoCollectionVCell.m */,
				EBC505FC25764D4D0038A617 /* JuPhotoGroupCell.h */,
				EBC505FD25764D4D0038A617 /* JuPhotoOverlayView.m */,
				EBC505FE25764D4D0038A617 /* JuPhotoCollectionFoot.m */,
				EBC505FF25764D4D0038A617 /* JuPhotoCollectionVController.m */,
				EBC5060025764D4D0038A617 /* RHAssetsLibrary.h */,
				EBC5060125764D4D0038A617 /* JuPhotoGroupViewController.m */,
				EBC5060225764D4D0038A617 /* JuPhotoGroupCell.m */,
				EBC5060325764D4D0038A617 /* JuPhotoCollectionVCell.h */,
			);
			path = JuPhotos;
			sourceTree = "<group>";
		};
		EBC5061825764D640038A617 /* JuLayout */ = {
			isa = PBXGroup;
			children = (
				EBC5061925764D640038A617 /* UIView+JuLayGroup.h */,
				EBC5061A25764D640038A617 /* UIView+JuConstraint.h */,
				EBC5061B25764D640038A617 /* UIView+JuLayout.m */,
				EBC5061C25764D640038A617 /* UIView+Frame.m */,
				EBC5061D25764D640038A617 /* JuLayout.m */,
				EBC5061E25764D640038A617 /* JuLayoutFrame.h */,
				EBC5061F25764D640038A617 /* UIView+JuConstraint.m */,
				EBC5062025764D640038A617 /* UIView+JuLayGroup.m */,
				EBC5062125764D640038A617 /* UIView+JuLayout.h */,
				EBC5062225764D640038A617 /* JuLayout.h */,
				EBC5062325764D640038A617 /* UIView+Frame.h */,
			);
			path = JuLayout;
			sourceTree = "<group>";
		};
		EBCC403320746044001DA272 = {
			isa = PBXGroup;
			children = (
				EBCC403E20746044001DA272 /* JuImageZoomScale */,
				EBCC403D20746044001DA272 /* Products */,
				90D45984A902870E3600F3AE /* Pods */,
				E8F5EB692DB9975E67205FBE /* Frameworks */,
			);
			sourceTree = "<group>";
		};
		EBCC403D20746044001DA272 /* Products */ = {
			isa = PBXGroup;
			children = (
				EBCC403C20746044001DA272 /* JuImageZoomScale.app */,
			);
			name = Products;
			sourceTree = "<group>";
		};
		EBCC403E20746044001DA272 /* JuImageZoomScale */ = {
			isa = PBXGroup;
			children = (
				EBC5061825764D640038A617 /* JuLayout */,
				EBC505D725764D4D0038A617 /* JuPhoto */,
				EBCC403F20746044001DA272 /* AppDelegate.h */,
				EBCC404020746044001DA272 /* AppDelegate.m */,
				EBCC404220746044001DA272 /* ViewController.h */,
				EBCC404320746044001DA272 /* ViewController.m */,
				EBD19C4B2101D1EA00972AE7 /* JuNavigationVC.h */,
				EBD19C4C2101D1EA00972AE7 /* JuNavigationVC.m */,
				EBA40479207DE59B00E9E1ED /* CollectionViewCell.h */,
				EBA4047A207DE59B00E9E1ED /* CollectionViewCell.m */,
				EBCC4097207469A4001DA272 /* 3.jpg */,
				EBCC40A92074784D001DA272 /* 1.jpg */,
				EBA4047C207DF73300E9E1ED /* show.gif */,
				EBCC404520746044001DA272 /* Main.storyboard */,
				EBCC404820746045001DA272 /* Assets.xcassets */,
				EBCC404A20746045001DA272 /* LaunchScreen.storyboard */,
				EBCC404D20746045001DA272 /* Info.plist */,
				EBCC404E20746045001DA272 /* main.m */,
			);
			path = JuImageZoomScale;
			sourceTree = "<group>";
		};
/* End PBXGroup section */

/* Begin PBXNativeTarget section */
		EBCC403B20746044001DA272 /* JuImageZoomScale */ = {
			isa = PBXNativeTarget;
			buildConfigurationList = EBCC405220746045001DA272 /* Build configuration list for PBXNativeTarget "JuImageZoomScale" */;
			buildPhases = (
				3996998DDB8C6C43EDACD1A6 /* [CP] Check Pods Manifest.lock */,
				EBCC403820746044001DA272 /* Sources */,
				EBCC403920746044001DA272 /* Frameworks */,
				EBCC403A20746044001DA272 /* Resources */,
			);
			buildRules = (
			);
			dependencies = (
			);
			name = JuImageZoomScale;
			productName = JuImageZoomScale;
			productReference = EBCC403C20746044001DA272 /* JuImageZoomScale.app */;
			productType = "com.apple.product-type.application";
		};
/* End PBXNativeTarget section */

/* Begin PBXProject section */
		EBCC403420746044001DA272 /* Project object */ = {
			isa = PBXProject;
			attributes = {
				LastUpgradeCheck = 0930;
				ORGANIZATIONNAME = Juvid;
				TargetAttributes = {
					EBCC403B20746044001DA272 = {
						CreatedOnToolsVersion = 9.3;
					};
				};
			};
			buildConfigurationList = EBCC403720746044001DA272 /* Build configuration list for PBXProject "JuImageZoomScale" */;
			compatibilityVersion = "Xcode 9.3";
			developmentRegion = en;
			hasScannedForEncodings = 0;
			knownRegions = (
				en,
				Base,
			);
			mainGroup = EBCC403320746044001DA272;
			productRefGroup = EBCC403D20746044001DA272 /* Products */;
			projectDirPath = "";
			projectRoot = "";
			targets = (
				EBCC403B20746044001DA272 /* JuImageZoomScale */,
			);
		};
/* End PBXProject section */

/* Begin PBXResourcesBuildPhase section */
		EBCC403A20746044001DA272 /* Resources */ = {
			isa = PBXResourcesBuildPhase;
			buildActionMask = 2147483647;
			files = (
				EBA4047D207DF73300E9E1ED /* show.gif in Resources */,
				EBCC404C20746045001DA272 /* LaunchScreen.storyboard in Resources */,
				EBCC404920746045001DA272 /* Assets.xcassets in Resources */,
				EBCC404720746044001DA272 /* Main.storyboard in Resources */,
				EBCC4098207469A4001DA272 /* 3.jpg in Resources */,
				EBCC40AA2074784E001DA272 /* 1.jpg in Resources */,
			);
			runOnlyForDeploymentPostprocessing = 0;
		};
/* End PBXResourcesBuildPhase section */

/* Begin PBXShellScriptBuildPhase section */
		3996998DDB8C6C43EDACD1A6 /* [CP] Check Pods Manifest.lock */ = {
			isa = PBXShellScriptBuildPhase;
			buildActionMask = 2147483647;
			files = (
			);
			inputFileListPaths = (
			);
			inputPaths = (
				"${PODS_PODFILE_DIR_PATH}/Podfile.lock",
				"${PODS_ROOT}/Manifest.lock",
			);
			name = "[CP] Check Pods Manifest.lock";
			outputFileListPaths = (
			);
			outputPaths = (
				"$(DERIVED_FILE_DIR)/Pods-JuImageZoomScale-checkManifestLockResult.txt",
			);
			runOnlyForDeploymentPostprocessing = 0;
			shellPath = /bin/sh;
			shellScript = "diff \"${PODS_PODFILE_DIR_PATH}/Podfile.lock\" \"${PODS_ROOT}/Manifest.lock\" > /dev/null\nif [ $? != 0 ] ; then\n    # print error to STDERR\n    echo \"error: The sandbox is not in sync with the Podfile.lock. Run 'pod install' or update your CocoaPods installation.\" >&2\n    exit 1\nfi\n# This output is used by Xcode 'outputs' to avoid re-running this script phase.\necho \"SUCCESS\" > \"${SCRIPT_OUTPUT_FILE_0}\"\n";
			showEnvVarsInLog = 0;
		};
/* End PBXShellScriptBuildPhase section */

/* Begin PBXSourcesBuildPhase section */
		EBCC403820746044001DA272 /* Sources */ = {
			isa = PBXSourcesBuildPhase;
			buildActionMask = 2147483647;
			files = (
				EBC5062725764D640038A617 /* UIView+JuConstraint.m in Sources */,
				EBD19C4D2101D1EA00972AE7 /* JuNavigationVC.m in Sources */,
				EB9084332591E0EB00EDD795 /* UIImage+category.m in Sources */,
				EBC5060525764D4D0038A617 /* JuImagesCollectView.m in Sources */,
				EBC5060F25764D4D0038A617 /* UIImage+mbCropping.m in Sources */,
				EBC5061525764D4D0038A617 /* JuPhotoGroupViewController.m in Sources */,
				EBC5060C25764D4D0038A617 /* JuAlbumPreviewVC.m in Sources */,
				EBC5060D25764D4D0038A617 /* JuPhotoPickers.m in Sources */,
				EBC5061125764D4D0038A617 /* JuPhotoCollectionVCell.m in Sources */,
				EBC5062825764D640038A617 /* UIView+JuLayGroup.m in Sources */,
				EBC5060A25764D4D0038A617 /* JuProgressView.m in Sources */,
				EBCC404420746044001DA272 /* ViewController.m in Sources */,
				EBC5061425764D4D0038A617 /* JuPhotoCollectionVController.m in Sources */,
				EBC5062625764D640038A617 /* JuLayout.m in Sources */,
				EBC5060625764D4D0038A617 /* JuZoomScaleView.m in Sources */,
				EBC5061225764D4D0038A617 /* JuPhotoOverlayView.m in Sources */,
				EBC5060B25764D4D0038A617 /* JuFullWindow.m in Sources */,
				EBCC404F20746045001DA272 /* main.m in Sources */,
				EBC5060725764D4D0038A617 /* JuImageObject.m in Sources */,
				EB9084392591EAEE00EDD795 /* JuImageRotatingVC.m in Sources */,
				EBC5060425764D4D0038A617 /* JuAnimated.m in Sources */,
				EBC5061025764D4D0038A617 /* RHAssetsLibrary.m in Sources */,
				EBC5060925764D4D0038A617 /* JuLargeImageVC.m in Sources */,
				EBC5062525764D640038A617 /* UIView+Frame.m in Sources */,
				EBCC404120746044001DA272 /* AppDelegate.m in Sources */,
				EBC5061625764D4D0038A617 /* JuPhotoGroupCell.m in Sources */,
				EBA4047B207DE59B00E9E1ED /* CollectionViewCell.m in Sources */,
				EBC5062425764D640038A617 /* UIView+JuLayout.m in Sources */,
				EBC5060825764D4D0038A617 /* JuImagesCollectCell.m in Sources */,
				EBC5061325764D4D0038A617 /* JuPhotoCollectionFoot.m in Sources */,
				EBC5060E25764D4D0038A617 /* UIImage+PhotoManage.m in Sources */,
			);
			runOnlyForDeploymentPostprocessing = 0;
		};
/* End PBXSourcesBuildPhase section */

/* Begin PBXVariantGroup section */
		EBCC404520746044001DA272 /* Main.storyboard */ = {
			isa = PBXVariantGroup;
			children = (
				EBCC404620746044001DA272 /* Base */,
			);
			name = Main.storyboard;
			sourceTree = "<group>";
		};
		EBCC404A20746045001DA272 /* LaunchScreen.storyboard */ = {
			isa = PBXVariantGroup;
			children = (
				EBCC404B20746045001DA272 /* Base */,
			);
			name = LaunchScreen.storyboard;
			sourceTree = "<group>";
		};
/* End PBXVariantGroup section */

/* Begin XCBuildConfiguration section */
		EBCC405020746045001DA272 /* Debug */ = {
			isa = XCBuildConfiguration;
			buildSettings = {
				ALWAYS_SEARCH_USER_PATHS = NO;
				CLANG_ANALYZER_NONNULL = YES;
				CLANG_ANALYZER_NUMBER_OBJECT_CONVERSION = YES_AGGRESSIVE;
				CLANG_CXX_LANGUAGE_STANDARD = "gnu++14";
				CLANG_CXX_LIBRARY = "libc++";
				CLANG_ENABLE_MODULES = YES;
				CLANG_ENABLE_OBJC_ARC = YES;
				CLANG_ENABLE_OBJC_WEAK = YES;
				CLANG_WARN_BLOCK_CAPTURE_AUTORELEASING = YES;
				CLANG_WARN_BOOL_CONVERSION = YES;
				CLANG_WARN_COMMA = YES;
				CLANG_WARN_CONSTANT_CONVERSION = YES;
				CLANG_WARN_DEPRECATED_OBJC_IMPLEMENTATIONS = YES;
				CLANG_WARN_DIRECT_OBJC_ISA_USAGE = YES_ERROR;
				CLANG_WARN_DOCUMENTATION_COMMENTS = YES;
				CLANG_WARN_EMPTY_BODY = YES;
				CLANG_WARN_ENUM_CONVERSION = YES;
				CLANG_WARN_INFINITE_RECURSION = YES;
				CLANG_WARN_INT_CONVERSION = YES;
				CLANG_WARN_NON_LITERAL_NULL_CONVERSION = YES;
				CLANG_WARN_OBJC_IMPLICIT_RETAIN_SELF = YES;
				CLANG_WARN_OBJC_LITERAL_CONVERSION = YES;
				CLANG_WARN_OBJC_ROOT_CLASS = YES_ERROR;
				CLANG_WARN_RANGE_LOOP_ANALYSIS = YES;
				CLANG_WARN_STRICT_PROTOTYPES = YES;
				CLANG_WARN_SUSPICIOUS_MOVE = YES;
				CLANG_WARN_UNGUARDED_AVAILABILITY = YES_AGGRESSIVE;
				CLANG_WARN_UNREACHABLE_CODE = YES;
				CLANG_WARN__DUPLICATE_METHOD_MATCH = YES;
				CODE_SIGN_IDENTITY = "iPhone Developer";
				COPY_PHASE_STRIP = NO;
				DEBUG_INFORMATION_FORMAT = dwarf;
				ENABLE_STRICT_OBJC_MSGSEND = YES;
				ENABLE_TESTABILITY = YES;
				GCC_C_LANGUAGE_STANDARD = gnu11;
				GCC_DYNAMIC_NO_PIC = NO;
				GCC_NO_COMMON_BLOCKS = YES;
				GCC_OPTIMIZATION_LEVEL = 0;
				GCC_PREPROCESSOR_DEFINITIONS = (
					"DEBUG=1",
					"$(inherited)",
				);
				GCC_WARN_64_TO_32_BIT_CONVERSION = YES;
				GCC_WARN_ABOUT_RETURN_TYPE = YES_ERROR;
				GCC_WARN_UNDECLARED_SELECTOR = YES;
				GCC_WARN_UNINITIALIZED_AUTOS = YES_AGGRESSIVE;
				GCC_WARN_UNUSED_FUNCTION = YES;
				GCC_WARN_UNUSED_VARIABLE = YES;
				IPHONEOS_DEPLOYMENT_TARGET = 11.3;
				MTL_ENABLE_DEBUG_INFO = YES;
				ONLY_ACTIVE_ARCH = YES;
				SDKROOT = iphoneos;
			};
			name = Debug;
		};
		EBCC405120746045001DA272 /* Release */ = {
			isa = XCBuildConfiguration;
			buildSettings = {
				ALWAYS_SEARCH_USER_PATHS = NO;
				CLANG_ANALYZER_NONNULL = YES;
				CLANG_ANALYZER_NUMBER_OBJECT_CONVERSION = YES_AGGRESSIVE;
				CLANG_CXX_LANGUAGE_STANDARD = "gnu++14";
				CLANG_CXX_LIBRARY = "libc++";
				CLANG_ENABLE_MODULES = YES;
				CLANG_ENABLE_OBJC_ARC = YES;
				CLANG_ENABLE_OBJC_WEAK = YES;
				CLANG_WARN_BLOCK_CAPTURE_AUTORELEASING = YES;
				CLANG_WARN_BOOL_CONVERSION = YES;
				CLANG_WARN_COMMA = YES;
				CLANG_WARN_CONSTANT_CONVERSION = YES;
				CLANG_WARN_DEPRECATED_OBJC_IMPLEMENTATIONS = YES;
				CLANG_WARN_DIRECT_OBJC_ISA_USAGE = YES_ERROR;
				CLANG_WARN_DOCUMENTATION_COMMENTS = YES;
				CLANG_WARN_EMPTY_BODY = YES;
				CLANG_WARN_ENUM_CONVERSION = YES;
				CLANG_WARN_INFINITE_RECURSION = YES;
				CLANG_WARN_INT_CONVERSION = YES;
				CLANG_WARN_NON_LITERAL_NULL_CONVERSION = YES;
				CLANG_WARN_OBJC_IMPLICIT_RETAIN_SELF = YES;
				CLANG_WARN_OBJC_LITERAL_CONVERSION = YES;
				CLANG_WARN_OBJC_ROOT_CLASS = YES_ERROR;
				CLANG_WARN_RANGE_LOOP_ANALYSIS = YES;
				CLANG_WARN_STRICT_PROTOTYPES = YES;
				CLANG_WARN_SUSPICIOUS_MOVE = YES;
				CLANG_WARN_UNGUARDED_AVAILABILITY = YES_AGGRESSIVE;
				CLANG_WARN_UNREACHABLE_CODE = YES;
				CLANG_WARN__DUPLICATE_METHOD_MATCH = YES;
				CODE_SIGN_IDENTITY = "iPhone Developer";
				COPY_PHASE_STRIP = NO;
				DEBUG_INFORMATION_FORMAT = "dwarf-with-dsym";
				ENABLE_NS_ASSERTIONS = NO;
				ENABLE_STRICT_OBJC_MSGSEND = YES;
				GCC_C_LANGUAGE_STANDARD = gnu11;
				GCC_NO_COMMON_BLOCKS = YES;
				GCC_WARN_64_TO_32_BIT_CONVERSION = YES;
				GCC_WARN_ABOUT_RETURN_TYPE = YES_ERROR;
				GCC_WARN_UNDECLARED_SELECTOR = YES;
				GCC_WARN_UNINITIALIZED_AUTOS = YES_AGGRESSIVE;
				GCC_WARN_UNUSED_FUNCTION = YES;
				GCC_WARN_UNUSED_VARIABLE = YES;
				IPHONEOS_DEPLOYMENT_TARGET = 11.3;
				MTL_ENABLE_DEBUG_INFO = NO;
				SDKROOT = iphoneos;
				VALIDATE_PRODUCT = YES;
			};
			name = Release;
		};
		EBCC405320746045001DA272 /* Debug */ = {
			isa = XCBuildConfiguration;
			baseConfigurationReference = 7D9F63E47DA8E0E5873647AF /* Pods-JuImageZoomScale.debug.xcconfig */;
			buildSettings = {
				ASSETCATALOG_COMPILER_APPICON_NAME = AppIcon;
				CODE_SIGN_STYLE = Automatic;
				DEVELOPMENT_TEAM = 3Y5SHRC9L9;
				INFOPLIST_FILE = JuImageZoomScale/Info.plist;
				IPHONEOS_DEPLOYMENT_TARGET = 9.0;
				LD_RUNPATH_SEARCH_PATHS = (
					"$(inherited)",
					"@executable_path/Frameworks",
				);
				PRODUCT_BUNDLE_IDENTIFIER = com.aifubao.JuImageZoomScale;
				PRODUCT_NAME = "$(TARGET_NAME)";
				TARGETED_DEVICE_FAMILY = "1,2";
			};
			name = Debug;
		};
		EBCC405420746045001DA272 /* Release */ = {
			isa = XCBuildConfiguration;
			baseConfigurationReference = C3B7B54A8437E1DA9A6F8BF7 /* Pods-JuImageZoomScale.release.xcconfig */;
			buildSettings = {
				ASSETCATALOG_COMPILER_APPICON_NAME = AppIcon;
				CODE_SIGN_STYLE = Automatic;
				DEVELOPMENT_TEAM = 3Y5SHRC9L9;
				INFOPLIST_FILE = JuImageZoomScale/Info.plist;
				IPHONEOS_DEPLOYMENT_TARGET = 9.0;
				LD_RUNPATH_SEARCH_PATHS = (
					"$(inherited)",
					"@executable_path/Frameworks",
				);
				PRODUCT_BUNDLE_IDENTIFIER = com.aifubao.JuImageZoomScale;
				PRODUCT_NAME = "$(TARGET_NAME)";
				TARGETED_DEVICE_FAMILY = "1,2";
			};
			name = Release;
		};
/* End XCBuildConfiguration section */

/* Begin XCConfigurationList section */
		EBCC403720746044001DA272 /* Build configuration list for PBXProject "JuImageZoomScale" */ = {
			isa = XCConfigurationList;
			buildConfigurations = (
				EBCC405020746045001DA272 /* Debug */,
				EBCC405120746045001DA272 /* Release */,
			);
			defaultConfigurationIsVisible = 0;
			defaultConfigurationName = Release;
		};
		EBCC405220746045001DA272 /* Build configuration list for PBXNativeTarget "JuImageZoomScale" */ = {
			isa = XCConfigurationList;
			buildConfigurations = (
				EBCC405320746045001DA272 /* Debug */,
				EBCC405420746045001DA272 /* Release */,
			);
			defaultConfigurationIsVisible = 0;
			defaultConfigurationName = Release;
		};
/* End XCConfigurationList section */
	};
	rootObject = EBCC403420746044001DA272 /* Project object */;
}
